<?xml version="1.0" encoding="utf-8"?>
<Project ToolsVersion="4.0" xmlns="http://schemas.microsoft.com/developer/msbuild/2003">
  <ItemGroup>
    <Filter Include="Source Files">
      <UniqueIdentifier>{4FC737F1-C7A5-4376-A066-2A32D752A2FF}</UniqueIdentifier>
      <Extensions>cpp;c;cc;cxx;c++;cppm;ixx;def;odl;idl;hpj;bat;asm;asmx</Extensions>
    </Filter>
    <Filter Include="Header Files">
      <UniqueIdentifier>{93995380-89BD-4b04-88EB-625FBE52EBFB}</UniqueIdentifier>
      <Extensions>h;hh;hpp;hxx;h++;hm;inl;inc;ipp;xsd</Extensions>
    </Filter>
    <Filter Include="Resource Files">
      <UniqueIdentifier>{67DA6AB6-F800-4c08-8B7A-83BB121AAD01}</UniqueIdentifier>
      <Extensions>rc;ico;cur;bmp;dlg;rc2;rct;bin;rgs;gif;jpg;jpeg;jpe;resx;tiff;tif;png;wav;mfcribbon-ms</Extensions>
    </Filter>
  </ItemGroup>
  <ItemGroup>
    <ClCompile Include="irrlicht.cpp">
      <Filter>Source Files</Filter>
    </ClCompile>
    <ClCompile Include="source\Irrlicht\aesGladman\aescrypt.cpp">
      <Filter>Source Files</Filter>
    </ClCompile>
    <ClCompile Include="source\Irrlicht\aesGladman\aeskey.cpp">
      <Filter>Source Files</Filter>
    </ClCompile>
    <ClCompile Include="source\Irrlicht\aesGladman\aestab.cpp">
      <Filter>Source Files</Filter>
    </ClCompile>
    <ClCompile Include="source\Irrlicht\aesGladman\fileenc.cpp">
      <Filter>Source Files</Filter>
    </ClCompile>
    <ClCompile Include="source\Irrlicht\aesGladman\hmac.cpp">
      <Filter>Source Files</Filter>
    </ClCompile>
    <ClCompile Include="source\Irrlicht\aesGladman\prng.cpp">
      <Filter>Source Files</Filter>
    </ClCompile>
    <ClCompile Include="source\Irrlicht\aesGladman\pwd2key.cpp">
      <Filter>Source Files</Filter>
    </ClCompile>
    <ClCompile Include="source\Irrlicht\aesGladman\sha1.cpp">
      <Filter>Source Files</Filter>
    </ClCompile>
    <ClCompile Include="source\Irrlicht\aesGladman\sha2.cpp">
      <Filter>Source Files</Filter>
    </ClCompile>
    <ClCompile Include="source\Irrlicht\burning_shader_color.cpp">
      <Filter>Source Files</Filter>
    </ClCompile>
    <ClCompile Include="source\Irrlicht\bzip2\blocksort.c">
      <Filter>Source Files</Filter>
    </ClCompile>
    <ClCompile Include="source\Irrlicht\bzip2\bzcompress.c">
      <Filter>Source Files</Filter>
    </ClCompile>
    <ClCompile Include="source\Irrlicht\bzip2\bzlib.c">
      <Filter>Source Files</Filter>
    </ClCompile>
    <ClCompile Include="source\Irrlicht\bzip2\crctable.c">
      <Filter>Source Files</Filter>
    </ClCompile>
    <ClCompile Include="source\Irrlicht\bzip2\decompress.c">
      <Filter>Source Files</Filter>
    </ClCompile>
    <ClCompile Include="source\Irrlicht\bzip2\dlltest.c">
      <Filter>Source Files</Filter>
    </ClCompile>
    <ClCompile Include="source\Irrlicht\bzip2\huffman.c">
      <Filter>Source Files</Filter>
    </ClCompile>
    <ClCompile Include="source\Irrlicht\bzip2\mk251.c">
      <Filter>Source Files</Filter>
    </ClCompile>
    <ClCompile Include="source\Irrlicht\bzip2\randtable.c">
      <Filter>Source Files</Filter>
    </ClCompile>
    <ClCompile Include="source\Irrlicht\bzip2\spewG.c">
      <Filter>Source Files</Filter>
    </ClCompile>
    <ClCompile Include="source\Irrlicht\bzip2\unzcrash.c">
      <Filter>Source Files</Filter>
    </ClCompile>
    <ClCompile Include="source\Irrlicht\C3DSMeshFileLoader.cpp">
      <Filter>Source Files</Filter>
    </ClCompile>
    <ClCompile Include="source\Irrlicht\CAnimatedMeshHalfLife.cpp">
      <Filter>Source Files</Filter>
    </ClCompile>
    <ClCompile Include="source\Irrlicht\CAnimatedMeshMD2.cpp">
      <Filter>Source Files</Filter>
    </ClCompile>
    <ClCompile Include="source\Irrlicht\CAnimatedMeshMD3.cpp">
      <Filter>Source Files</Filter>
    </ClCompile>
    <ClCompile Include="source\Irrlicht\CAnimatedMeshSceneNode.cpp">
      <Filter>Source Files</Filter>
    </ClCompile>
    <ClCompile Include="source\Irrlicht\CAttributes.cpp">
      <Filter>Source Files</Filter>
    </ClCompile>
    <ClCompile Include="source\Irrlicht\CB3DMeshFileLoader.cpp">
      <Filter>Source Files</Filter>
    </ClCompile>
    <ClCompile Include="source\Irrlicht\CB3DMeshWriter.cpp">
      <Filter>Source Files</Filter>
    </ClCompile>
    <ClCompile Include="source\Irrlicht\CBillboardSceneNode.cpp">
      <Filter>Source Files</Filter>
    </ClCompile>
    <ClCompile Include="source\Irrlicht\CBoneSceneNode.cpp">
      <Filter>Source Files</Filter>
    </ClCompile>
    <ClCompile Include="source\Irrlicht\CBSPMeshFileLoader.cpp">
      <Filter>Source Files</Filter>
    </ClCompile>
    <ClCompile Include="source\Irrlicht\CBurningShader_Raster_Reference.cpp">
      <Filter>Source Files</Filter>
    </ClCompile>
    <ClCompile Include="source\Irrlicht\CCameraSceneNode.cpp">
      <Filter>Source Files</Filter>
    </ClCompile>
    <ClCompile Include="source\Irrlicht\CColladaFileLoader.cpp">
      <Filter>Source Files</Filter>
    </ClCompile>
    <ClCompile Include="source\Irrlicht\CColladaMeshWriter.cpp">
      <Filter>Source Files</Filter>
    </ClCompile>
    <ClCompile Include="source\Irrlicht\CColorConverter.cpp">
      <Filter>Source Files</Filter>
    </ClCompile>
    <ClCompile Include="source\Irrlicht\CCSMLoader.cpp">
      <Filter>Source Files</Filter>
    </ClCompile>
    <ClCompile Include="source\Irrlicht\CCubeSceneNode.cpp">
      <Filter>Source Files</Filter>
    </ClCompile>
    <ClCompile Include="source\Irrlicht\CD3D9Driver.cpp">
      <Filter>Source Files</Filter>
    </ClCompile>
    <ClCompile Include="source\Irrlicht\CD3D9HLSLMaterialRenderer.cpp">
      <Filter>Source Files</Filter>
    </ClCompile>
    <ClCompile Include="source\Irrlicht\CD3D9NormalMapRenderer.cpp">
      <Filter>Source Files</Filter>
    </ClCompile>
    <ClCompile Include="source\Irrlicht\CD3D9ParallaxMapRenderer.cpp">
      <Filter>Source Files</Filter>
    </ClCompile>
    <ClCompile Include="source\Irrlicht\CD3D9RenderTarget.cpp">
      <Filter>Source Files</Filter>
    </ClCompile>
    <ClCompile Include="source\Irrlicht\CD3D9ShaderMaterialRenderer.cpp">
      <Filter>Source Files</Filter>
    </ClCompile>
    <ClCompile Include="source\Irrlicht\CD3D9Texture.cpp">
      <Filter>Source Files</Filter>
    </ClCompile>
    <ClCompile Include="source\Irrlicht\CDefaultGUIElementFactory.cpp">
      <Filter>Source Files</Filter>
    </ClCompile>
    <ClCompile Include="source\Irrlicht\CDefaultSceneNodeAnimatorFactory.cpp">
      <Filter>Source Files</Filter>
    </ClCompile>
    <ClCompile Include="source\Irrlicht\CDefaultSceneNodeFactory.cpp">
      <Filter>Source Files</Filter>
    </ClCompile>
    <ClCompile Include="source\Irrlicht\CDepthBuffer.cpp">
      <Filter>Source Files</Filter>
    </ClCompile>
    <ClCompile Include="source\Irrlicht\CDMFLoader.cpp">
      <Filter>Source Files</Filter>
    </ClCompile>
    <ClCompile Include="source\Irrlicht\CDummyTransformationSceneNode.cpp">
      <Filter>Source Files</Filter>
    </ClCompile>
    <ClCompile Include="source\Irrlicht\CEmptySceneNode.cpp">
      <Filter>Source Files</Filter>
    </ClCompile>
    <ClCompile Include="source\Irrlicht\CFileList.cpp">
      <Filter>Source Files</Filter>
    </ClCompile>
    <ClCompile Include="source\Irrlicht\CFileSystem.cpp">
      <Filter>Source Files</Filter>
    </ClCompile>
    <ClCompile Include="source\Irrlicht\CFPSCounter.cpp">
      <Filter>Source Files</Filter>
    </ClCompile>
    <ClCompile Include="source\Irrlicht\CGeometryCreator.cpp">
      <Filter>Source Files</Filter>
    </ClCompile>
    <ClCompile Include="source\Irrlicht\CGLXManager.cpp">
      <Filter>Source Files</Filter>
    </ClCompile>
    <ClCompile Include="source\Irrlicht\CGUIButton.cpp">
      <Filter>Source Files</Filter>
    </ClCompile>
    <ClCompile Include="source\Irrlicht\CGUICheckBox.cpp">
      <Filter>Source Files</Filter>
    </ClCompile>
    <ClCompile Include="source\Irrlicht\CGUIColorSelectDialog.cpp">
      <Filter>Source Files</Filter>
    </ClCompile>
    <ClCompile Include="source\Irrlicht\CGUIComboBox.cpp">
      <Filter>Source Files</Filter>
    </ClCompile>
    <ClCompile Include="source\Irrlicht\CGUIContextMenu.cpp">
      <Filter>Source Files</Filter>
    </ClCompile>
    <ClCompile Include="source\Irrlicht\CGUIEditBox.cpp">
      <Filter>Source Files</Filter>
    </ClCompile>
    <ClCompile Include="source\Irrlicht\CGUIEnvironment.cpp">
      <Filter>Source Files</Filter>
    </ClCompile>
    <ClCompile Include="source\Irrlicht\CGUIFileOpenDialog.cpp">
      <Filter>Source Files</Filter>
    </ClCompile>
    <ClCompile Include="source\Irrlicht\CGUIFont.cpp">
      <Filter>Source Files</Filter>
    </ClCompile>
    <ClCompile Include="source\Irrlicht\CGUIImage.cpp">
      <Filter>Source Files</Filter>
    </ClCompile>
    <ClCompile Include="source\Irrlicht\CGUIImageList.cpp">
      <Filter>Source Files</Filter>
    </ClCompile>
    <ClCompile Include="source\Irrlicht\CGUIInOutFader.cpp">
      <Filter>Source Files</Filter>
    </ClCompile>
    <ClCompile Include="source\Irrlicht\CGUIListBox.cpp">
      <Filter>Source Files</Filter>
    </ClCompile>
    <ClCompile Include="source\Irrlicht\CGUIMenu.cpp">
      <Filter>Source Files</Filter>
    </ClCompile>
    <ClCompile Include="source\Irrlicht\CGUIMeshViewer.cpp">
      <Filter>Source Files</Filter>
    </ClCompile>
    <ClCompile Include="source\Irrlicht\CGUIMessageBox.cpp">
      <Filter>Source Files</Filter>
    </ClCompile>
    <ClCompile Include="source\Irrlicht\CGUIModalScreen.cpp">
      <Filter>Source Files</Filter>
    </ClCompile>
    <ClCompile Include="source\Irrlicht\CGUIProfiler.cpp">
      <Filter>Source Files</Filter>
    </ClCompile>
    <ClCompile Include="source\Irrlicht\CGUIScrollBar.cpp">
      <Filter>Source Files</Filter>
    </ClCompile>
    <ClCompile Include="source\Irrlicht\CGUISkin.cpp">
      <Filter>Source Files</Filter>
    </ClCompile>
    <ClCompile Include="source\Irrlicht\CGUISpinBox.cpp">
      <Filter>Source Files</Filter>
    </ClCompile>
    <ClCompile Include="source\Irrlicht\CGUISpriteBank.cpp">
      <Filter>Source Files</Filter>
    </ClCompile>
    <ClCompile Include="source\Irrlicht\CGUIStaticText.cpp">
      <Filter>Source Files</Filter>
    </ClCompile>
    <ClCompile Include="source\Irrlicht\CGUITabControl.cpp">
      <Filter>Source Files</Filter>
    </ClCompile>
    <ClCompile Include="source\Irrlicht\CGUITable.cpp">
      <Filter>Source Files</Filter>
    </ClCompile>
    <ClCompile Include="source\Irrlicht\CGUIToolBar.cpp">
      <Filter>Source Files</Filter>
    </ClCompile>
    <ClCompile Include="source\Irrlicht\CGUITreeView.cpp">
      <Filter>Source Files</Filter>
    </ClCompile>
    <ClCompile Include="source\Irrlicht\CGUIWindow.cpp">
      <Filter>Source Files</Filter>
    </ClCompile>
    <ClCompile Include="source\Irrlicht\CImage.cpp">
      <Filter>Source Files</Filter>
    </ClCompile>
    <ClCompile Include="source\Irrlicht\CImageLoaderBMP.cpp">
      <Filter>Source Files</Filter>
    </ClCompile>
    <ClCompile Include="source\Irrlicht\CImageLoaderDDS.cpp">
      <Filter>Source Files</Filter>
    </ClCompile>
    <ClCompile Include="source\Irrlicht\CImageLoaderJPG.cpp">
      <Filter>Source Files</Filter>
    </ClCompile>
    <ClCompile Include="source\Irrlicht\CImageLoaderPCX.cpp">
      <Filter>Source Files</Filter>
    </ClCompile>
    <ClCompile Include="source\Irrlicht\CImageLoaderPNG.cpp">
      <Filter>Source Files</Filter>
    </ClCompile>
    <ClCompile Include="source\Irrlicht\CImageLoaderPPM.cpp">
      <Filter>Source Files</Filter>
    </ClCompile>
    <ClCompile Include="source\Irrlicht\CImageLoaderPSD.cpp">
      <Filter>Source Files</Filter>
    </ClCompile>
    <ClCompile Include="source\Irrlicht\CImageLoaderPVR.cpp">
      <Filter>Source Files</Filter>
    </ClCompile>
    <ClCompile Include="source\Irrlicht\CImageLoaderRGB.cpp">
      <Filter>Source Files</Filter>
    </ClCompile>
    <ClCompile Include="source\Irrlicht\CImageLoaderTGA.cpp">
      <Filter>Source Files</Filter>
    </ClCompile>
    <ClCompile Include="source\Irrlicht\CImageLoaderWAL.cpp">
      <Filter>Source Files</Filter>
    </ClCompile>
    <ClCompile Include="source\Irrlicht\CImageWriterBMP.cpp">
      <Filter>Source Files</Filter>
    </ClCompile>
    <ClCompile Include="source\Irrlicht\CImageWriterJPG.cpp">
      <Filter>Source Files</Filter>
    </ClCompile>
    <ClCompile Include="source\Irrlicht\CImageWriterPCX.cpp">
      <Filter>Source Files</Filter>
    </ClCompile>
    <ClCompile Include="source\Irrlicht\CImageWriterPNG.cpp">
      <Filter>Source Files</Filter>
    </ClCompile>
    <ClCompile Include="source\Irrlicht\CImageWriterPPM.cpp">
      <Filter>Source Files</Filter>
    </ClCompile>
    <ClCompile Include="source\Irrlicht\CImageWriterPSD.cpp">
      <Filter>Source Files</Filter>
    </ClCompile>
    <ClCompile Include="source\Irrlicht\CImageWriterTGA.cpp">
      <Filter>Source Files</Filter>
    </ClCompile>
    <ClCompile Include="source\Irrlicht\CIrrDeviceConsole.cpp">
      <Filter>Source Files</Filter>
    </ClCompile>
    <ClCompile Include="source\Irrlicht\CIrrDeviceFB.cpp">
      <Filter>Source Files</Filter>
    </ClCompile>
    <ClCompile Include="source\Irrlicht\CIrrDeviceLinux.cpp">
      <Filter>Source Files</Filter>
    </ClCompile>
    <ClCompile Include="source\Irrlicht\CIrrDeviceSDL.cpp">
      <Filter>Source Files</Filter>
    </ClCompile>
    <ClCompile Include="source\Irrlicht\CIrrDeviceStub.cpp">
      <Filter>Source Files</Filter>
    </ClCompile>
    <ClCompile Include="source\Irrlicht\CIrrDeviceWin32.cpp">
      <Filter>Source Files</Filter>
    </ClCompile>
    <ClCompile Include="source\Irrlicht\CIrrMeshFileLoader.cpp">
      <Filter>Source Files</Filter>
    </ClCompile>
    <ClCompile Include="source\Irrlicht\CIrrMeshWriter.cpp">
      <Filter>Source Files</Filter>
    </ClCompile>
    <ClCompile Include="source\Irrlicht\CLightSceneNode.cpp">
      <Filter>Source Files</Filter>
    </ClCompile>
    <ClCompile Include="source\Irrlicht\CLimitReadFile.cpp">
      <Filter>Source Files</Filter>
    </ClCompile>
    <ClCompile Include="source\Irrlicht\CLMTSMeshFileLoader.cpp">
      <Filter>Source Files</Filter>
    </ClCompile>
    <ClCompile Include="source\Irrlicht\CLogger.cpp">
      <Filter>Source Files</Filter>
    </ClCompile>
    <ClCompile Include="source\Irrlicht\CLWOMeshFileLoader.cpp">
      <Filter>Source Files</Filter>
    </ClCompile>
    <ClCompile Include="source\Irrlicht\CMD2MeshFileLoader.cpp">
      <Filter>Source Files</Filter>
    </ClCompile>
    <ClCompile Include="source\Irrlicht\CMD3MeshFileLoader.cpp">
      <Filter>Source Files</Filter>
    </ClCompile>
    <ClCompile Include="source\Irrlicht\CMemoryFile.cpp">
      <Filter>Source Files</Filter>
    </ClCompile>
    <ClCompile Include="source\Irrlicht\CMeshCache.cpp">
      <Filter>Source Files</Filter>
    </ClCompile>
    <ClCompile Include="source\Irrlicht\CMeshManipulator.cpp">
      <Filter>Source Files</Filter>
    </ClCompile>
    <ClCompile Include="source\Irrlicht\CMeshSceneNode.cpp">
      <Filter>Source Files</Filter>
    </ClCompile>
    <ClCompile Include="source\Irrlicht\CMeshTextureLoader.cpp">
      <Filter>Source Files</Filter>
    </ClCompile>
    <ClCompile Include="source\Irrlicht\CMetaTriangleSelector.cpp">
      <Filter>Source Files</Filter>
    </ClCompile>
    <ClCompile Include="source\Irrlicht\CMountPointReader.cpp">
      <Filter>Source Files</Filter>
    </ClCompile>
    <ClCompile Include="source\Irrlicht\CMS3DMeshFileLoader.cpp">
      <Filter>Source Files</Filter>
    </ClCompile>
    <ClCompile Include="source\Irrlicht\CMY3DMeshFileLoader.cpp">
      <Filter>Source Files</Filter>
    </ClCompile>
    <ClCompile Include="source\Irrlicht\CNPKReader.cpp">
      <Filter>Source Files</Filter>
    </ClCompile>
    <ClCompile Include="source\Irrlicht\CNullDriver.cpp">
      <Filter>Source Files</Filter>
    </ClCompile>
    <ClCompile Include="source\Irrlicht\COBJMeshFileLoader.cpp">
      <Filter>Source Files</Filter>
    </ClCompile>
    <ClCompile Include="source\Irrlicht\COBJMeshWriter.cpp">
      <Filter>Source Files</Filter>
    </ClCompile>
    <ClCompile Include="source\Irrlicht\COCTLoader.cpp">
      <Filter>Source Files</Filter>
    </ClCompile>
    <ClCompile Include="source\Irrlicht\COctreeSceneNode.cpp">
      <Filter>Source Files</Filter>
    </ClCompile>
    <ClCompile Include="source\Irrlicht\COctreeTriangleSelector.cpp">
      <Filter>Source Files</Filter>
    </ClCompile>
    <ClCompile Include="source\Irrlicht\COgreMeshFileLoader.cpp">
      <Filter>Source Files</Filter>
    </ClCompile>
    <ClCompile Include="source\Irrlicht\COpenGLCacheHandler.cpp">
      <Filter>Source Files</Filter>
    </ClCompile>
    <ClCompile Include="source\Irrlicht\COpenGLDriver.cpp">
      <Filter>Source Files</Filter>
    </ClCompile>
    <ClCompile Include="source\Irrlicht\COpenGLExtensionHandler.cpp">
      <Filter>Source Files</Filter>
    </ClCompile>
    <ClCompile Include="source\Irrlicht\COpenGLNormalMapRenderer.cpp">
      <Filter>Source Files</Filter>
    </ClCompile>
    <ClCompile Include="source\Irrlicht\COpenGLParallaxMapRenderer.cpp">
      <Filter>Source Files</Filter>
    </ClCompile>
    <ClCompile Include="source\Irrlicht\COpenGLShaderMaterialRenderer.cpp">
      <Filter>Source Files</Filter>
    </ClCompile>
    <ClCompile Include="source\Irrlicht\COpenGLSLMaterialRenderer.cpp">
      <Filter>Source Files</Filter>
    </ClCompile>
    <ClCompile Include="source\Irrlicht\COSOperator.cpp">
      <Filter>Source Files</Filter>
    </ClCompile>
    <ClCompile Include="source\Irrlicht\CPakReader.cpp">
      <Filter>Source Files</Filter>
    </ClCompile>
    <ClCompile Include="source\Irrlicht\CParticleAnimatedMeshSceneNodeEmitter.cpp">
      <Filter>Source Files</Filter>
    </ClCompile>
    <ClCompile Include="source\Irrlicht\CParticleAttractionAffector.cpp">
      <Filter>Source Files</Filter>
    </ClCompile>
    <ClCompile Include="source\Irrlicht\CParticleBoxEmitter.cpp">
      <Filter>Source Files</Filter>
    </ClCompile>
    <ClCompile Include="source\Irrlicht\CParticleCylinderEmitter.cpp">
      <Filter>Source Files</Filter>
    </ClCompile>
    <ClCompile Include="source\Irrlicht\CParticleFadeOutAffector.cpp">
      <Filter>Source Files</Filter>
    </ClCompile>
    <ClCompile Include="source\Irrlicht\CParticleGravityAffector.cpp">
      <Filter>Source Files</Filter>
    </ClCompile>
    <ClCompile Include="source\Irrlicht\CParticleMeshEmitter.cpp">
      <Filter>Source Files</Filter>
    </ClCompile>
    <ClCompile Include="source\Irrlicht\CParticlePointEmitter.cpp">
      <Filter>Source Files</Filter>
    </ClCompile>
    <ClCompile Include="source\Irrlicht\CParticleRingEmitter.cpp">
      <Filter>Source Files</Filter>
    </ClCompile>
    <ClCompile Include="source\Irrlicht\CParticleRotationAffector.cpp">
      <Filter>Source Files</Filter>
    </ClCompile>
    <ClCompile Include="source\Irrlicht\CParticleScaleAffector.cpp">
      <Filter>Source Files</Filter>
    </ClCompile>
    <ClCompile Include="source\Irrlicht\CParticleSphereEmitter.cpp">
      <Filter>Source Files</Filter>
    </ClCompile>
    <ClCompile Include="source\Irrlicht\CParticleSystemSceneNode.cpp">
      <Filter>Source Files</Filter>
    </ClCompile>
    <ClCompile Include="source\Irrlicht\CPLYMeshFileLoader.cpp">
      <Filter>Source Files</Filter>
    </ClCompile>
    <ClCompile Include="source\Irrlicht\CPLYMeshWriter.cpp">
      <Filter>Source Files</Filter>
    </ClCompile>
    <ClCompile Include="source\Irrlicht\CProfiler.cpp">
      <Filter>Source Files</Filter>
    </ClCompile>
    <ClCompile Include="source\Irrlicht\CQ3LevelMesh.cpp">
      <Filter>Source Files</Filter>
    </ClCompile>
    <ClCompile Include="source\Irrlicht\CQuake3ShaderSceneNode.cpp">
      <Filter>Source Files</Filter>
    </ClCompile>
    <ClCompile Include="source\Irrlicht\CReadFile.cpp">
      <Filter>Source Files</Filter>
    </ClCompile>
    <ClCompile Include="source\Irrlicht\CSceneCollisionManager.cpp">
      <Filter>Source Files</Filter>
    </ClCompile>
    <ClCompile Include="source\Irrlicht\CSceneLoaderIrr.cpp">
      <Filter>Source Files</Filter>
    </ClCompile>
    <ClCompile Include="source\Irrlicht\CSceneManager.cpp">
      <Filter>Source Files</Filter>
    </ClCompile>
    <ClCompile Include="source\Irrlicht\CSceneNodeAnimatorCameraFPS.cpp">
      <Filter>Source Files</Filter>
    </ClCompile>
    <ClCompile Include="source\Irrlicht\CSceneNodeAnimatorCameraMaya.cpp">
      <Filter>Source Files</Filter>
    </ClCompile>
    <ClCompile Include="source\Irrlicht\CSceneNodeAnimatorCollisionResponse.cpp">
      <Filter>Source Files</Filter>
    </ClCompile>
    <ClCompile Include="source\Irrlicht\CSceneNodeAnimatorDelete.cpp">
      <Filter>Source Files</Filter>
    </ClCompile>
    <ClCompile Include="source\Irrlicht\CSceneNodeAnimatorFlyCircle.cpp">
      <Filter>Source Files</Filter>
    </ClCompile>
    <ClCompile Include="source\Irrlicht\CSceneNodeAnimatorFlyStraight.cpp">
      <Filter>Source Files</Filter>
    </ClCompile>
    <ClCompile Include="source\Irrlicht\CSceneNodeAnimatorFollowSpline.cpp">
      <Filter>Source Files</Filter>
    </ClCompile>
    <ClCompile Include="source\Irrlicht\CSceneNodeAnimatorRotation.cpp">
      <Filter>Source Files</Filter>
    </ClCompile>
    <ClCompile Include="source\Irrlicht\CSceneNodeAnimatorTexture.cpp">
      <Filter>Source Files</Filter>
    </ClCompile>
    <ClCompile Include="source\Irrlicht\CShadowVolumeSceneNode.cpp">
      <Filter>Source Files</Filter>
    </ClCompile>
    <ClCompile Include="source\Irrlicht\CSkinnedMesh.cpp">
      <Filter>Source Files</Filter>
    </ClCompile>
    <ClCompile Include="source\Irrlicht\CSkyBoxSceneNode.cpp">
      <Filter>Source Files</Filter>
    </ClCompile>
    <ClCompile Include="source\Irrlicht\CSkyDomeSceneNode.cpp">
      <Filter>Source Files</Filter>
    </ClCompile>
    <ClCompile Include="source\Irrlicht\CSMFMeshFileLoader.cpp">
      <Filter>Source Files</Filter>
    </ClCompile>
    <ClCompile Include="source\Irrlicht\CSoftwareDriver.cpp">
      <Filter>Source Files</Filter>
    </ClCompile>
    <ClCompile Include="source\Irrlicht\CSoftwareDriver2.cpp">
      <Filter>Source Files</Filter>
    </ClCompile>
    <ClCompile Include="source\Irrlicht\CSoftwareTexture.cpp">
      <Filter>Source Files</Filter>
    </ClCompile>
    <ClCompile Include="source\Irrlicht\CSoftwareTexture2.cpp">
      <Filter>Source Files</Filter>
    </ClCompile>
    <ClCompile Include="source\Irrlicht\CSphereSceneNode.cpp">
      <Filter>Source Files</Filter>
    </ClCompile>
    <ClCompile Include="source\Irrlicht\CSTLMeshFileLoader.cpp">
      <Filter>Source Files</Filter>
    </ClCompile>
    <ClCompile Include="source\Irrlicht\CSTLMeshWriter.cpp">
      <Filter>Source Files</Filter>
    </ClCompile>
    <ClCompile Include="source\Irrlicht\CTarReader.cpp">
      <Filter>Source Files</Filter>
    </ClCompile>
    <ClCompile Include="source\Irrlicht\CTerrainSceneNode.cpp">
      <Filter>Source Files</Filter>
    </ClCompile>
    <ClCompile Include="source\Irrlicht\CTerrainTriangleSelector.cpp">
      <Filter>Source Files</Filter>
    </ClCompile>
    <ClCompile Include="source\Irrlicht\CTextSceneNode.cpp">
      <Filter>Source Files</Filter>
    </ClCompile>
    <ClCompile Include="source\Irrlicht\CTRFlat.cpp">
      <Filter>Source Files</Filter>
    </ClCompile>
    <ClCompile Include="source\Irrlicht\CTRFlatWire.cpp">
      <Filter>Source Files</Filter>
    </ClCompile>
    <ClCompile Include="source\Irrlicht\CTRGouraud.cpp">
      <Filter>Source Files</Filter>
    </ClCompile>
    <ClCompile Include="source\Irrlicht\CTRGouraud2.cpp">
      <Filter>Source Files</Filter>
    </ClCompile>
    <ClCompile Include="source\Irrlicht\CTRGouraudAlpha2.cpp">
      <Filter>Source Files</Filter>
    </ClCompile>
    <ClCompile Include="source\Irrlicht\CTRGouraudAlphaNoZ2.cpp">
      <Filter>Source Files</Filter>
    </ClCompile>
    <ClCompile Include="source\Irrlicht\CTRGouraudNoZ2.cpp">
      <Filter>Source Files</Filter>
    </ClCompile>
    <ClCompile Include="source\Irrlicht\CTRGouraudWire.cpp">
      <Filter>Source Files</Filter>
    </ClCompile>
    <ClCompile Include="source\Irrlicht\CTriangleBBSelector.cpp">
      <Filter>Source Files</Filter>
    </ClCompile>
    <ClCompile Include="source\Irrlicht\CTriangleSelector.cpp">
      <Filter>Source Files</Filter>
    </ClCompile>
    <ClCompile Include="source\Irrlicht\CTRNormalMap.cpp">
      <Filter>Source Files</Filter>
    </ClCompile>
    <ClCompile Include="source\Irrlicht\CTRStencilShadow.cpp">
      <Filter>Source Files</Filter>
    </ClCompile>
    <ClCompile Include="source\Irrlicht\CTRTextureBlend.cpp">
      <Filter>Source Files</Filter>
    </ClCompile>
    <ClCompile Include="source\Irrlicht\CTRTextureDetailMap2.cpp">
      <Filter>Source Files</Filter>
    </ClCompile>
    <ClCompile Include="source\Irrlicht\CTRTextureFlat.cpp">
      <Filter>Source Files</Filter>
    </ClCompile>
    <ClCompile Include="source\Irrlicht\CTRTextureFlatWire.cpp">
      <Filter>Source Files</Filter>
    </ClCompile>
    <ClCompile Include="source\Irrlicht\CTRTextureGouraud.cpp">
      <Filter>Source Files</Filter>
    </ClCompile>
    <ClCompile Include="source\Irrlicht\CTRTextureGouraud2.cpp">
      <Filter>Source Files</Filter>
    </ClCompile>
    <ClCompile Include="source\Irrlicht\CTRTextureGouraudAdd.cpp">
      <Filter>Source Files</Filter>
    </ClCompile>
    <ClCompile Include="source\Irrlicht\CTRTextureGouraudAdd2.cpp">
      <Filter>Source Files</Filter>
    </ClCompile>
    <ClCompile Include="source\Irrlicht\CTRTextureGouraudAddNoZ2.cpp">
      <Filter>Source Files</Filter>
    </ClCompile>
    <ClCompile Include="source\Irrlicht\CTRTextureGouraudAlpha.cpp">
      <Filter>Source Files</Filter>
    </ClCompile>
    <ClCompile Include="source\Irrlicht\CTRTextureGouraudAlphaNoZ.cpp">
      <Filter>Source Files</Filter>
    </ClCompile>
    <ClCompile Include="source\Irrlicht\CTRTextureGouraudNoZ.cpp">
      <Filter>Source Files</Filter>
    </ClCompile>
    <ClCompile Include="source\Irrlicht\CTRTextureGouraudNoZ2.cpp">
      <Filter>Source Files</Filter>
    </ClCompile>
    <ClCompile Include="source\Irrlicht\CTRTextureGouraudVertexAlpha2.cpp">
      <Filter>Source Files</Filter>
    </ClCompile>
    <ClCompile Include="source\Irrlicht\CTRTextureGouraudWire.cpp">
      <Filter>Source Files</Filter>
    </ClCompile>
    <ClCompile Include="source\Irrlicht\CTRTextureLightMap2_Add.cpp">
      <Filter>Source Files</Filter>
    </ClCompile>
    <ClCompile Include="source\Irrlicht\CTRTextureLightMap2_M1.cpp">
      <Filter>Source Files</Filter>
    </ClCompile>
    <ClCompile Include="source\Irrlicht\CTRTextureLightMap2_M2.cpp">
      <Filter>Source Files</Filter>
    </ClCompile>
    <ClCompile Include="source\Irrlicht\CTRTextureLightMap2_M4.cpp">
      <Filter>Source Files</Filter>
    </ClCompile>
    <ClCompile Include="source\Irrlicht\CTRTextureLightMapGouraud2_M4.cpp">
      <Filter>Source Files</Filter>
    </ClCompile>
    <ClCompile Include="source\Irrlicht\CTRTextureWire2.cpp">
      <Filter>Source Files</Filter>
    </ClCompile>
    <ClCompile Include="source\Irrlicht\CTR_transparent_reflection_2_layer.cpp">
      <Filter>Source Files</Filter>
    </ClCompile>
    <ClCompile Include="source\Irrlicht\CVideoModeList.cpp">
      <Filter>Source Files</Filter>
    </ClCompile>
    <ClCompile Include="source\Irrlicht\CVolumeLightSceneNode.cpp">
      <Filter>Source Files</Filter>
    </ClCompile>
    <ClCompile Include="source\Irrlicht\CWADReader.cpp">
      <Filter>Source Files</Filter>
    </ClCompile>
    <ClCompile Include="source\Irrlicht\CWaterSurfaceSceneNode.cpp">
      <Filter>Source Files</Filter>
    </ClCompile>
    <ClCompile Include="source\Irrlicht\CWGLManager.cpp">
      <Filter>Source Files</Filter>
    </ClCompile>
    <ClCompile Include="source\Irrlicht\CWriteFile.cpp">
      <Filter>Source Files</Filter>
    </ClCompile>
    <ClCompile Include="source\Irrlicht\CXMeshFileLoader.cpp">
      <Filter>Source Files</Filter>
    </ClCompile>
    <ClCompile Include="source\Irrlicht\CXMLReader.cpp">
      <Filter>Source Files</Filter>
    </ClCompile>
    <ClCompile Include="source\Irrlicht\CXMLWriter.cpp">
      <Filter>Source Files</Filter>
    </ClCompile>
    <ClCompile Include="source\Irrlicht\CZBuffer.cpp">
      <Filter>Source Files</Filter>
    </ClCompile>
    <ClCompile Include="source\Irrlicht\CZipReader.cpp">
      <Filter>Source Files</Filter>
    </ClCompile>
    <ClCompile Include="source\Irrlicht\IBurningShader.cpp">
      <Filter>Source Files</Filter>
    </ClCompile>
    <ClCompile Include="source\Irrlicht\Irrlicht.cpp">
      <Filter>Source Files</Filter>
    </ClCompile>
    <ClCompile Include="source\Irrlicht\irrXML.cpp">
      <Filter>Source Files</Filter>
    </ClCompile>
    <ClCompile Include="source\Irrlicht\jpeglib\cdjpeg.c">
      <Filter>Source Files</Filter>
    </ClCompile>
    <ClCompile Include="source\Irrlicht\jpeglib\cjpeg.c">
      <Filter>Source Files</Filter>
    </ClCompile>
    <ClCompile Include="source\Irrlicht\jpeglib\ckconfig.c">
      <Filter>Source Files</Filter>
    </ClCompile>
    <ClCompile Include="source\Irrlicht\jpeglib\djpeg.c">
      <Filter>Source Files</Filter>
    </ClCompile>
    <ClCompile Include="source\Irrlicht\jpeglib\example.c">
      <Filter>Source Files</Filter>
    </ClCompile>
    <ClCompile Include="source\Irrlicht\jpeglib\jaricom.c">
      <Filter>Source Files</Filter>
    </ClCompile>
    <ClCompile Include="source\Irrlicht\jpeglib\jcapimin.c">
      <Filter>Source Files</Filter>
    </ClCompile>
    <ClCompile Include="source\Irrlicht\jpeglib\jcapistd.c">
      <Filter>Source Files</Filter>
    </ClCompile>
    <ClCompile Include="source\Irrlicht\jpeglib\jcarith.c">
      <Filter>Source Files</Filter>
    </ClCompile>
    <ClCompile Include="source\Irrlicht\jpeglib\jccoefct.c">
      <Filter>Source Files</Filter>
    </ClCompile>
    <ClCompile Include="source\Irrlicht\jpeglib\jccolor.c">
      <Filter>Source Files</Filter>
    </ClCompile>
    <ClCompile Include="source\Irrlicht\jpeglib\jcdctmgr.c">
      <Filter>Source Files</Filter>
    </ClCompile>
    <ClCompile Include="source\Irrlicht\jpeglib\jchuff.c">
      <Filter>Source Files</Filter>
    </ClCompile>
    <ClCompile Include="source\Irrlicht\jpeglib\jcinit.c">
      <Filter>Source Files</Filter>
    </ClCompile>
    <ClCompile Include="source\Irrlicht\jpeglib\jcmainct.c">
      <Filter>Source Files</Filter>
    </ClCompile>
    <ClCompile Include="source\Irrlicht\jpeglib\jcmarker.c">
      <Filter>Source Files</Filter>
    </ClCompile>
    <ClCompile Include="source\Irrlicht\jpeglib\jcmaster.c">
      <Filter>Source Files</Filter>
    </ClCompile>
    <ClCompile Include="source\Irrlicht\jpeglib\jcomapi.c">
      <Filter>Source Files</Filter>
    </ClCompile>
    <ClCompile Include="source\Irrlicht\jpeglib\jcparam.c">
      <Filter>Source Files</Filter>
    </ClCompile>
    <ClCompile Include="source\Irrlicht\jpeglib\jcprepct.c">
      <Filter>Source Files</Filter>
    </ClCompile>
    <ClCompile Include="source\Irrlicht\jpeglib\jcsample.c">
      <Filter>Source Files</Filter>
    </ClCompile>
    <ClCompile Include="source\Irrlicht\jpeglib\jctrans.c">
      <Filter>Source Files</Filter>
    </ClCompile>
    <ClCompile Include="source\Irrlicht\jpeglib\jdapimin.c">
      <Filter>Source Files</Filter>
    </ClCompile>
    <ClCompile Include="source\Irrlicht\jpeglib\jdapistd.c">
      <Filter>Source Files</Filter>
    </ClCompile>
    <ClCompile Include="source\Irrlicht\jpeglib\jdarith.c">
      <Filter>Source Files</Filter>
    </ClCompile>
    <ClCompile Include="source\Irrlicht\jpeglib\jdatadst.c">
      <Filter>Source Files</Filter>
    </ClCompile>
    <ClCompile Include="source\Irrlicht\jpeglib\jdatasrc.c">
      <Filter>Source Files</Filter>
    </ClCompile>
    <ClCompile Include="source\Irrlicht\jpeglib\jdcoefct.c">
      <Filter>Source Files</Filter>
    </ClCompile>
    <ClCompile Include="source\Irrlicht\jpeglib\jdcolor.c">
      <Filter>Source Files</Filter>
    </ClCompile>
    <ClCompile Include="source\Irrlicht\jpeglib\jddctmgr.c">
      <Filter>Source Files</Filter>
    </ClCompile>
    <ClCompile Include="source\Irrlicht\jpeglib\jdhuff.c">
      <Filter>Source Files</Filter>
    </ClCompile>
    <ClCompile Include="source\Irrlicht\jpeglib\jdinput.c">
      <Filter>Source Files</Filter>
    </ClCompile>
    <ClCompile Include="source\Irrlicht\jpeglib\jdmainct.c">
      <Filter>Source Files</Filter>
    </ClCompile>
    <ClCompile Include="source\Irrlicht\jpeglib\jdmarker.c">
      <Filter>Source Files</Filter>
    </ClCompile>
    <ClCompile Include="source\Irrlicht\jpeglib\jdmaster.c">
      <Filter>Source Files</Filter>
    </ClCompile>
    <ClCompile Include="source\Irrlicht\jpeglib\jdmerge.c">
      <Filter>Source Files</Filter>
    </ClCompile>
    <ClCompile Include="source\Irrlicht\jpeglib\jdpostct.c">
      <Filter>Source Files</Filter>
    </ClCompile>
    <ClCompile Include="source\Irrlicht\jpeglib\jdsample.c">
      <Filter>Source Files</Filter>
    </ClCompile>
    <ClCompile Include="source\Irrlicht\jpeglib\jdtrans.c">
      <Filter>Source Files</Filter>
    </ClCompile>
    <ClCompile Include="source\Irrlicht\jpeglib\jerror.c">
      <Filter>Source Files</Filter>
    </ClCompile>
    <ClCompile Include="source\Irrlicht\jpeglib\jfdctflt.c">
      <Filter>Source Files</Filter>
    </ClCompile>
    <ClCompile Include="source\Irrlicht\jpeglib\jfdctfst.c">
      <Filter>Source Files</Filter>
    </ClCompile>
    <ClCompile Include="source\Irrlicht\jpeglib\jfdctint.c">
      <Filter>Source Files</Filter>
    </ClCompile>
    <ClCompile Include="source\Irrlicht\jpeglib\jidctflt.c">
      <Filter>Source Files</Filter>
    </ClCompile>
    <ClCompile Include="source\Irrlicht\jpeglib\jidctfst.c">
      <Filter>Source Files</Filter>
    </ClCompile>
    <ClCompile Include="source\Irrlicht\jpeglib\jidctint.c">
      <Filter>Source Files</Filter>
    </ClCompile>
    <ClCompile Include="source\Irrlicht\jpeglib\jmemansi.c">
      <Filter>Source Files</Filter>
    </ClCompile>
    <ClCompile Include="source\Irrlicht\jpeglib\jmemdos.c">
      <Filter>Source Files</Filter>
    </ClCompile>
    <ClCompile Include="source\Irrlicht\jpeglib\jmemmac.c">
      <Filter>Source Files</Filter>
    </ClCompile>
    <ClCompile Include="source\Irrlicht\jpeglib\jmemmgr.c">
      <Filter>Source Files</Filter>
    </ClCompile>
    <ClCompile Include="source\Irrlicht\jpeglib\jmemname.c">
      <Filter>Source Files</Filter>
    </ClCompile>
    <ClCompile Include="source\Irrlicht\jpeglib\jmemnobs.c">
      <Filter>Source Files</Filter>
    </ClCompile>
    <ClCompile Include="source\Irrlicht\jpeglib\jpegtran.c">
      <Filter>Source Files</Filter>
    </ClCompile>
    <ClCompile Include="source\Irrlicht\jpeglib\jquant1.c">
      <Filter>Source Files</Filter>
    </ClCompile>
    <ClCompile Include="source\Irrlicht\jpeglib\jquant2.c">
      <Filter>Source Files</Filter>
    </ClCompile>
    <ClCompile Include="source\Irrlicht\jpeglib\jutils.c">
      <Filter>Source Files</Filter>
    </ClCompile>
    <ClCompile Include="source\Irrlicht\jpeglib\rdbmp.c">
      <Filter>Source Files</Filter>
    </ClCompile>
    <ClCompile Include="source\Irrlicht\jpeglib\rdcolmap.c">
      <Filter>Source Files</Filter>
    </ClCompile>
    <ClCompile Include="source\Irrlicht\jpeglib\rdgif.c">
      <Filter>Source Files</Filter>
    </ClCompile>
    <ClCompile Include="source\Irrlicht\jpeglib\rdjpgcom.c">
      <Filter>Source Files</Filter>
    </ClCompile>
    <ClCompile Include="source\Irrlicht\jpeglib\rdppm.c">
      <Filter>Source Files</Filter>
    </ClCompile>
    <ClCompile Include="source\Irrlicht\jpeglib\rdrle.c">
      <Filter>Source Files</Filter>
    </ClCompile>
    <ClCompile Include="source\Irrlicht\jpeglib\rdswitch.c">
      <Filter>Source Files</Filter>
    </ClCompile>
    <ClCompile Include="source\Irrlicht\jpeglib\rdtarga.c">
      <Filter>Source Files</Filter>
    </ClCompile>
    <ClCompile Include="source\Irrlicht\jpeglib\transupp.c">
      <Filter>Source Files</Filter>
    </ClCompile>
    <ClCompile Include="source\Irrlicht\jpeglib\wrbmp.c">
      <Filter>Source Files</Filter>
    </ClCompile>
    <ClCompile Include="source\Irrlicht\jpeglib\wrgif.c">
      <Filter>Source Files</Filter>
    </ClCompile>
    <ClCompile Include="source\Irrlicht\jpeglib\wrjpgcom.c">
      <Filter>Source Files</Filter>
    </ClCompile>
    <ClCompile Include="source\Irrlicht\jpeglib\wrppm.c">
      <Filter>Source Files</Filter>
    </ClCompile>
    <ClCompile Include="source\Irrlicht\jpeglib\wrrle.c">
      <Filter>Source Files</Filter>
    </ClCompile>
    <ClCompile Include="source\Irrlicht\jpeglib\wrtarga.c">
      <Filter>Source Files</Filter>
    </ClCompile>
    <ClCompile Include="source\Irrlicht\leakHunter.cpp">
      <Filter>Source Files</Filter>
    </ClCompile>
    <ClCompile Include="source\Irrlicht\libpng\example.c">
      <Filter>Source Files</Filter>
    </ClCompile>
    <ClCompile Include="source\Irrlicht\libpng\png.c">
      <Filter>Source Files</Filter>
    </ClCompile>
    <ClCompile Include="source\Irrlicht\libpng\pngerror.c">
      <Filter>Source Files</Filter>
    </ClCompile>
    <ClCompile Include="source\Irrlicht\libpng\pngget.c">
      <Filter>Source Files</Filter>
    </ClCompile>
    <ClCompile Include="source\Irrlicht\libpng\pngmem.c">
      <Filter>Source Files</Filter>
    </ClCompile>
    <ClCompile Include="source\Irrlicht\libpng\pngpread.c">
      <Filter>Source Files</Filter>
    </ClCompile>
    <ClCompile Include="source\Irrlicht\libpng\pngread.c">
      <Filter>Source Files</Filter>
    </ClCompile>
    <ClCompile Include="source\Irrlicht\libpng\pngrio.c">
      <Filter>Source Files</Filter>
    </ClCompile>
    <ClCompile Include="source\Irrlicht\libpng\pngrtran.c">
      <Filter>Source Files</Filter>
    </ClCompile>
    <ClCompile Include="source\Irrlicht\libpng\pngrutil.c">
      <Filter>Source Files</Filter>
    </ClCompile>
    <ClCompile Include="source\Irrlicht\libpng\pngset.c">
      <Filter>Source Files</Filter>
    </ClCompile>
    <ClCompile Include="source\Irrlicht\libpng\pngtest.c">
      <Filter>Source Files</Filter>
    </ClCompile>
    <ClCompile Include="source\Irrlicht\libpng\pngtrans.c">
      <Filter>Source Files</Filter>
    </ClCompile>
    <ClCompile Include="source\Irrlicht\libpng\pngwio.c">
      <Filter>Source Files</Filter>
    </ClCompile>
    <ClCompile Include="source\Irrlicht\libpng\pngwrite.c">
      <Filter>Source Files</Filter>
    </ClCompile>
    <ClCompile Include="source\Irrlicht\libpng\pngwtran.c">
      <Filter>Source Files</Filter>
    </ClCompile>
    <ClCompile Include="source\Irrlicht\libpng\pngwutil.c">
      <Filter>Source Files</Filter>
    </ClCompile>
    <ClCompile Include="source\Irrlicht\lzma\LzmaDec.c">
      <Filter>Source Files</Filter>
    </ClCompile>
    <ClCompile Include="source\Irrlicht\os.cpp">
      <Filter>Source Files</Filter>
    </ClCompile>
    <ClCompile Include="source\Irrlicht\utf8.cpp">
      <Filter>Source Files</Filter>
    </ClCompile>
    <ClCompile Include="source\Irrlicht\zlib\adler32.c">
      <Filter>Source Files</Filter>
    </ClCompile>
    <ClCompile Include="source\Irrlicht\zlib\compress.c">
      <Filter>Source Files</Filter>
    </ClCompile>
    <ClCompile Include="source\Irrlicht\zlib\crc32.c">
      <Filter>Source Files</Filter>
    </ClCompile>
    <ClCompile Include="source\Irrlicht\zlib\deflate.c">
      <Filter>Source Files</Filter>
    </ClCompile>
    <ClCompile Include="source\Irrlicht\zlib\gzclose.c">
      <Filter>Source Files</Filter>
    </ClCompile>
    <ClCompile Include="source\Irrlicht\zlib\gzlib.c">
      <Filter>Source Files</Filter>
    </ClCompile>
    <ClCompile Include="source\Irrlicht\zlib\gzread.c">
      <Filter>Source Files</Filter>
    </ClCompile>
    <ClCompile Include="source\Irrlicht\zlib\gzwrite.c">
      <Filter>Source Files</Filter>
    </ClCompile>
    <ClCompile Include="source\Irrlicht\zlib\infback.c">
      <Filter>Source Files</Filter>
    </ClCompile>
    <ClCompile Include="source\Irrlicht\zlib\inffast.c">
      <Filter>Source Files</Filter>
    </ClCompile>
    <ClCompile Include="source\Irrlicht\zlib\inflate.c">
      <Filter>Source Files</Filter>
    </ClCompile>
    <ClCompile Include="source\Irrlicht\zlib\inftrees.c">
      <Filter>Source Files</Filter>
    </ClCompile>
    <ClCompile Include="source\Irrlicht\zlib\trees.c">
      <Filter>Source Files</Filter>
    </ClCompile>
    <ClCompile Include="source\Irrlicht\zlib\uncompr.c">
      <Filter>Source Files</Filter>
    </ClCompile>
    <ClCompile Include="source\Irrlicht\zlib\zutil.c">
      <Filter>Source Files</Filter>
    </ClCompile>
  </ItemGroup>
  <ItemGroup>
    <ClInclude Include="include\aabbox3d.h">
      <Filter>Header Files</Filter>
    </ClInclude>
    <ClInclude Include="include\CDynamicMeshBuffer.h">
      <Filter>Header Files</Filter>
    </ClInclude>
    <ClInclude Include="include\CIndexBuffer.h">
      <Filter>Header Files</Filter>
    </ClInclude>
    <ClInclude Include="include\CMeshBuffer.h">
      <Filter>Header Files</Filter>
    </ClInclude>
    <ClInclude Include="include\coreutil.h">
      <Filter>Header Files</Filter>
    </ClInclude>
    <ClInclude Include="include\CVertexBuffer.h">
      <Filter>Header Files</Filter>
    </ClInclude>
    <ClInclude Include="include\dimension2d.h">
      <Filter>Header Files</Filter>
    </ClInclude>
    <ClInclude Include="include\driverChoice.h">
      <Filter>Header Files</Filter>
    </ClInclude>
    <ClInclude Include="include\EAttributes.h">
      <Filter>Header Files</Filter>
    </ClInclude>
    <ClInclude Include="include\ECullingTypes.h">
      <Filter>Header Files</Filter>
    </ClInclude>
    <ClInclude Include="include\EDebugSceneTypes.h">
      <Filter>Header Files</Filter>
    </ClInclude>
    <ClInclude Include="include\EDeviceTypes.h">
      <Filter>Header Files</Filter>
    </ClInclude>
    <ClInclude Include="include\EDriverFeatures.h">
      <Filter>Header Files</Filter>
    </ClInclude>
    <ClInclude Include="include\EDriverTypes.h">
      <Filter>Header Files</Filter>
    </ClInclude>
    <ClInclude Include="include\EFocusFlags.h">
      <Filter>Header Files</Filter>
    </ClInclude>
    <ClInclude Include="include\EGUIAlignment.h">
      <Filter>Header Files</Filter>
    </ClInclude>
    <ClInclude Include="include\EGUIElementTypes.h">
      <Filter>Header Files</Filter>
    </ClInclude>
    <ClInclude Include="include\EHardwareBufferFlags.h">
      <Filter>Header Files</Filter>
    </ClInclude>
    <ClInclude Include="include\EMaterialFlags.h">
      <Filter>Header Files</Filter>
    </ClInclude>
    <ClInclude Include="include\EMaterialTypes.h">
      <Filter>Header Files</Filter>
    </ClInclude>
    <ClInclude Include="include\EMeshWriterEnums.h">
      <Filter>Header Files</Filter>
    </ClInclude>
    <ClInclude Include="include\EMessageBoxFlags.h">
      <Filter>Header Files</Filter>
    </ClInclude>
    <ClInclude Include="include\EPrimitiveTypes.h">
      <Filter>Header Files</Filter>
    </ClInclude>
    <ClInclude Include="include\EReadFileType.h">
      <Filter>Header Files</Filter>
    </ClInclude>
    <ClInclude Include="include\ESceneNodeAnimatorTypes.h">
      <Filter>Header Files</Filter>
    </ClInclude>
    <ClInclude Include="include\ESceneNodeTypes.h">
      <Filter>Header Files</Filter>
    </ClInclude>
    <ClInclude Include="include\EShaderTypes.h">
      <Filter>Header Files</Filter>
    </ClInclude>
    <ClInclude Include="include\ETerrainElements.h">
      <Filter>Header Files</Filter>
    </ClInclude>
    <ClInclude Include="include\exampleHelper.h">
      <Filter>Header Files</Filter>
    </ClInclude>
    <ClInclude Include="include\fast_atof.h">
      <Filter>Header Files</Filter>
    </ClInclude>
    <ClInclude Include="include\heapsort.h">
      <Filter>Header Files</Filter>
    </ClInclude>
    <ClInclude Include="include\IAnimatedMesh.h">
      <Filter>Header Files</Filter>
    </ClInclude>
    <ClInclude Include="include\IAnimatedMeshMD2.h">
      <Filter>Header Files</Filter>
    </ClInclude>
    <ClInclude Include="include\IAnimatedMeshMD3.h">
      <Filter>Header Files</Filter>
    </ClInclude>
    <ClInclude Include="include\IAnimatedMeshSceneNode.h">
      <Filter>Header Files</Filter>
    </ClInclude>
    <ClInclude Include="include\IAttributeExchangingObject.h">
      <Filter>Header Files</Filter>
    </ClInclude>
    <ClInclude Include="include\IAttributes.h">
      <Filter>Header Files</Filter>
    </ClInclude>
    <ClInclude Include="include\IBillboardSceneNode.h">
      <Filter>Header Files</Filter>
    </ClInclude>
    <ClInclude Include="include\IBillboardTextSceneNode.h">
      <Filter>Header Files</Filter>
    </ClInclude>
    <ClInclude Include="include\IBoneSceneNode.h">
      <Filter>Header Files</Filter>
    </ClInclude>
    <ClInclude Include="include\ICameraSceneNode.h">
      <Filter>Header Files</Filter>
    </ClInclude>
    <ClInclude Include="include\IColladaMeshWriter.h">
      <Filter>Header Files</Filter>
    </ClInclude>
    <ClInclude Include="include\IContextManager.h">
      <Filter>Header Files</Filter>
    </ClInclude>
    <ClInclude Include="include\ICursorControl.h">
      <Filter>Header Files</Filter>
    </ClInclude>
    <ClInclude Include="include\IDummyTransformationSceneNode.h">
      <Filter>Header Files</Filter>
    </ClInclude>
    <ClInclude Include="include\IDynamicMeshBuffer.h">
      <Filter>Header Files</Filter>
    </ClInclude>
    <ClInclude Include="include\IEventReceiver.h">
      <Filter>Header Files</Filter>
    </ClInclude>
    <ClInclude Include="include\IFileArchive.h">
      <Filter>Header Files</Filter>
    </ClInclude>
    <ClInclude Include="include\IFileList.h">
      <Filter>Header Files</Filter>
    </ClInclude>
    <ClInclude Include="include\IFileSystem.h">
      <Filter>Header Files</Filter>
    </ClInclude>
    <ClInclude Include="include\IGeometryCreator.h">
      <Filter>Header Files</Filter>
    </ClInclude>
    <ClInclude Include="include\IGPUProgrammingServices.h">
      <Filter>Header Files</Filter>
    </ClInclude>
    <ClInclude Include="include\IGUIButton.h">
      <Filter>Header Files</Filter>
    </ClInclude>
    <ClInclude Include="include\IGUICheckBox.h">
      <Filter>Header Files</Filter>
    </ClInclude>
    <ClInclude Include="include\IGUIColorSelectDialog.h">
      <Filter>Header Files</Filter>
    </ClInclude>
    <ClInclude Include="include\IGUIComboBox.h">
      <Filter>Header Files</Filter>
    </ClInclude>
    <ClInclude Include="include\IGUIContextMenu.h">
      <Filter>Header Files</Filter>
    </ClInclude>
    <ClInclude Include="include\IGUIEditBox.h">
      <Filter>Header Files</Filter>
    </ClInclude>
    <ClInclude Include="include\IGUIElement.h">
      <Filter>Header Files</Filter>
    </ClInclude>
    <ClInclude Include="include\IGUIElementFactory.h">
      <Filter>Header Files</Filter>
    </ClInclude>
    <ClInclude Include="include\IGUIEnvironment.h">
      <Filter>Header Files</Filter>
    </ClInclude>
    <ClInclude Include="include\IGUIFileOpenDialog.h">
      <Filter>Header Files</Filter>
    </ClInclude>
    <ClInclude Include="include\IGUIFont.h">
      <Filter>Header Files</Filter>
    </ClInclude>
    <ClInclude Include="include\IGUIFontBitmap.h">
      <Filter>Header Files</Filter>
    </ClInclude>
    <ClInclude Include="include\IGUIImage.h">
      <Filter>Header Files</Filter>
    </ClInclude>
    <ClInclude Include="include\IGUIImageList.h">
      <Filter>Header Files</Filter>
    </ClInclude>
    <ClInclude Include="include\IGUIInOutFader.h">
      <Filter>Header Files</Filter>
    </ClInclude>
    <ClInclude Include="include\IGUIListBox.h">
      <Filter>Header Files</Filter>
    </ClInclude>
    <ClInclude Include="include\IGUIMeshViewer.h">
      <Filter>Header Files</Filter>
    </ClInclude>
    <ClInclude Include="include\IGUIProfiler.h">
      <Filter>Header Files</Filter>
    </ClInclude>
    <ClInclude Include="include\IGUIScrollBar.h">
      <Filter>Header Files</Filter>
    </ClInclude>
    <ClInclude Include="include\IGUISkin.h">
      <Filter>Header Files</Filter>
    </ClInclude>
    <ClInclude Include="include\IGUISpinBox.h">
      <Filter>Header Files</Filter>
    </ClInclude>
    <ClInclude Include="include\IGUISpriteBank.h">
      <Filter>Header Files</Filter>
    </ClInclude>
    <ClInclude Include="include\IGUIStaticText.h">
      <Filter>Header Files</Filter>
    </ClInclude>
    <ClInclude Include="include\IGUITabControl.h">
      <Filter>Header Files</Filter>
    </ClInclude>
    <ClInclude Include="include\IGUITable.h">
      <Filter>Header Files</Filter>
    </ClInclude>
    <ClInclude Include="include\IGUIToolbar.h">
      <Filter>Header Files</Filter>
    </ClInclude>
    <ClInclude Include="include\IGUITreeView.h">
      <Filter>Header Files</Filter>
    </ClInclude>
    <ClInclude Include="include\IGUIWindow.h">
      <Filter>Header Files</Filter>
    </ClInclude>
    <ClInclude Include="include\IImage.h">
      <Filter>Header Files</Filter>
    </ClInclude>
    <ClInclude Include="include\IImageLoader.h">
      <Filter>Header Files</Filter>
    </ClInclude>
    <ClInclude Include="include\IImageWriter.h">
      <Filter>Header Files</Filter>
    </ClInclude>
    <ClInclude Include="include\IIndexBuffer.h">
      <Filter>Header Files</Filter>
    </ClInclude>
    <ClInclude Include="include\ILightManager.h">
      <Filter>Header Files</Filter>
    </ClInclude>
    <ClInclude Include="include\ILightSceneNode.h">
      <Filter>Header Files</Filter>
    </ClInclude>
    <ClInclude Include="include\ILogger.h">
      <Filter>Header Files</Filter>
    </ClInclude>
    <ClInclude Include="include\IMaterialRenderer.h">
      <Filter>Header Files</Filter>
    </ClInclude>
    <ClInclude Include="include\IMaterialRendererServices.h">
      <Filter>Header Files</Filter>
    </ClInclude>
    <ClInclude Include="include\IMemoryReadFile.h">
      <Filter>Header Files</Filter>
    </ClInclude>
    <ClInclude Include="include\IMesh.h">
      <Filter>Header Files</Filter>
    </ClInclude>
    <ClInclude Include="include\IMeshBuffer.h">
      <Filter>Header Files</Filter>
    </ClInclude>
    <ClInclude Include="include\IMeshCache.h">
      <Filter>Header Files</Filter>
    </ClInclude>
    <ClInclude Include="include\IMeshLoader.h">
      <Filter>Header Files</Filter>
    </ClInclude>
    <ClInclude Include="include\IMeshManipulator.h">
      <Filter>Header Files</Filter>
    </ClInclude>
    <ClInclude Include="include\IMeshSceneNode.h">
      <Filter>Header Files</Filter>
    </ClInclude>
    <ClInclude Include="include\IMeshTextureLoader.h">
      <Filter>Header Files</Filter>
    </ClInclude>
    <ClInclude Include="include\IMeshWriter.h">
      <Filter>Header Files</Filter>
    </ClInclude>
    <ClInclude Include="include\IMetaTriangleSelector.h">
      <Filter>Header Files</Filter>
    </ClInclude>
    <ClInclude Include="include\IOctreeSceneNode.h">
      <Filter>Header Files</Filter>
    </ClInclude>
    <ClInclude Include="include\IOSOperator.h">
      <Filter>Header Files</Filter>
    </ClInclude>
    <ClInclude Include="include\IParticleAffector.h">
      <Filter>Header Files</Filter>
    </ClInclude>
    <ClInclude Include="include\IParticleAnimatedMeshSceneNodeEmitter.h">
      <Filter>Header Files</Filter>
    </ClInclude>
    <ClInclude Include="include\IParticleAttractionAffector.h">
      <Filter>Header Files</Filter>
    </ClInclude>
    <ClInclude Include="include\IParticleBoxEmitter.h">
      <Filter>Header Files</Filter>
    </ClInclude>
    <ClInclude Include="include\IParticleCylinderEmitter.h">
      <Filter>Header Files</Filter>
    </ClInclude>
    <ClInclude Include="include\IParticleEmitter.h">
      <Filter>Header Files</Filter>
    </ClInclude>
    <ClInclude Include="include\IParticleFadeOutAffector.h">
      <Filter>Header Files</Filter>
    </ClInclude>
    <ClInclude Include="include\IParticleGravityAffector.h">
      <Filter>Header Files</Filter>
    </ClInclude>
    <ClInclude Include="include\IParticleMeshEmitter.h">
      <Filter>Header Files</Filter>
    </ClInclude>
    <ClInclude Include="include\IParticleRingEmitter.h">
      <Filter>Header Files</Filter>
    </ClInclude>
    <ClInclude Include="include\IParticleRotationAffector.h">
      <Filter>Header Files</Filter>
    </ClInclude>
    <ClInclude Include="include\IParticleSphereEmitter.h">
      <Filter>Header Files</Filter>
    </ClInclude>
    <ClInclude Include="include\IParticleSystemSceneNode.h">
      <Filter>Header Files</Filter>
    </ClInclude>
    <ClInclude Include="include\IProfiler.h">
      <Filter>Header Files</Filter>
    </ClInclude>
    <ClInclude Include="include\IQ3LevelMesh.h">
      <Filter>Header Files</Filter>
    </ClInclude>
    <ClInclude Include="include\IQ3Shader.h">
      <Filter>Header Files</Filter>
    </ClInclude>
    <ClInclude Include="include\IRandomizer.h">
      <Filter>Header Files</Filter>
    </ClInclude>
    <ClInclude Include="include\IReadFile.h">
      <Filter>Header Files</Filter>
    </ClInclude>
    <ClInclude Include="include\IReferenceCounted.h">
      <Filter>Header Files</Filter>
    </ClInclude>
    <ClInclude Include="include\IRenderTarget.h">
      <Filter>Header Files</Filter>
    </ClInclude>
    <ClInclude Include="include\irrAllocator.h">
      <Filter>Header Files</Filter>
    </ClInclude>
    <ClInclude Include="include\irrArray.h">
      <Filter>Header Files</Filter>
    </ClInclude>
    <ClInclude Include="include\IrrCompileConfig.h">
      <Filter>Header Files</Filter>
    </ClInclude>
    <ClInclude Include="include\irrlicht.h">
      <Filter>Header Files</Filter>
    </ClInclude>
    <ClInclude Include="include\IrrlichtDevice.h">
      <Filter>Header Files</Filter>
    </ClInclude>
    <ClInclude Include="include\irrList.h">
      <Filter>Header Files</Filter>
    </ClInclude>
    <ClInclude Include="include\irrMap.h">
      <Filter>Header Files</Filter>
    </ClInclude>
    <ClInclude Include="include\irrMath.h">
      <Filter>Header Files</Filter>
    </ClInclude>
    <ClInclude Include="include\irrpack.h">
      <Filter>Header Files</Filter>
    </ClInclude>
    <ClInclude Include="include\irrString.h">
      <Filter>Header Files</Filter>
    </ClInclude>
    <ClInclude Include="include\irrTypes.h">
      <Filter>Header Files</Filter>
    </ClInclude>
    <ClInclude Include="include\irrunpack.h">
      <Filter>Header Files</Filter>
    </ClInclude>
    <ClInclude Include="include\irrXML.h">
      <Filter>Header Files</Filter>
    </ClInclude>
    <ClInclude Include="include\ISceneCollisionManager.h">
      <Filter>Header Files</Filter>
    </ClInclude>
    <ClInclude Include="include\ISceneLoader.h">
      <Filter>Header Files</Filter>
    </ClInclude>
    <ClInclude Include="include\ISceneManager.h">
      <Filter>Header Files</Filter>
    </ClInclude>
    <ClInclude Include="include\ISceneNode.h">
      <Filter>Header Files</Filter>
    </ClInclude>
    <ClInclude Include="include\ISceneNodeAnimator.h">
      <Filter>Header Files</Filter>
    </ClInclude>
    <ClInclude Include="include\ISceneNodeAnimatorCameraFPS.h">
      <Filter>Header Files</Filter>
    </ClInclude>
    <ClInclude Include="include\ISceneNodeAnimatorCameraMaya.h">
      <Filter>Header Files</Filter>
    </ClInclude>
    <ClInclude Include="include\ISceneNodeAnimatorCollisionResponse.h">
      <Filter>Header Files</Filter>
    </ClInclude>
    <ClInclude Include="include\ISceneNodeAnimatorFactory.h">
      <Filter>Header Files</Filter>
    </ClInclude>
    <ClInclude Include="include\ISceneNodeFactory.h">
      <Filter>Header Files</Filter>
    </ClInclude>
    <ClInclude Include="include\ISceneUserDataSerializer.h">
      <Filter>Header Files</Filter>
    </ClInclude>
    <ClInclude Include="include\IShaderConstantSetCallBack.h">
      <Filter>Header Files</Filter>
    </ClInclude>
    <ClInclude Include="include\IShadowVolumeSceneNode.h">
      <Filter>Header Files</Filter>
    </ClInclude>
    <ClInclude Include="include\ISkinnedMesh.h">
      <Filter>Header Files</Filter>
    </ClInclude>
    <ClInclude Include="include\ITerrainSceneNode.h">
      <Filter>Header Files</Filter>
    </ClInclude>
    <ClInclude Include="include\ITextSceneNode.h">
      <Filter>Header Files</Filter>
    </ClInclude>
    <ClInclude Include="include\ITexture.h">
      <Filter>Header Files</Filter>
    </ClInclude>
    <ClInclude Include="include\ITimer.h">
      <Filter>Header Files</Filter>
    </ClInclude>
    <ClInclude Include="include\ITriangleSelector.h">
      <Filter>Header Files</Filter>
    </ClInclude>
    <ClInclude Include="include\IVertexBuffer.h">
      <Filter>Header Files</Filter>
    </ClInclude>
    <ClInclude Include="include\IVideoDriver.h">
      <Filter>Header Files</Filter>
    </ClInclude>
    <ClInclude Include="include\IVideoModeList.h">
      <Filter>Header Files</Filter>
    </ClInclude>
    <ClInclude Include="include\IVolumeLightSceneNode.h">
      <Filter>Header Files</Filter>
    </ClInclude>
    <ClInclude Include="include\IWriteFile.h">
      <Filter>Header Files</Filter>
    </ClInclude>
    <ClInclude Include="include\IXMLReader.h">
      <Filter>Header Files</Filter>
    </ClInclude>
    <ClInclude Include="include\IXMLWriter.h">
      <Filter>Header Files</Filter>
    </ClInclude>
    <ClInclude Include="include\Keycodes.h">
      <Filter>Header Files</Filter>
    </ClInclude>
    <ClInclude Include="include\leakHunter.h">
      <Filter>Header Files</Filter>
    </ClInclude>
    <ClInclude Include="include\line2d.h">
      <Filter>Header Files</Filter>
    </ClInclude>
    <ClInclude Include="include\line3d.h">
      <Filter>Header Files</Filter>
    </ClInclude>
    <ClInclude Include="include\matrix4.h">
      <Filter>Header Files</Filter>
    </ClInclude>
    <ClInclude Include="include\path.h">
      <Filter>Header Files</Filter>
    </ClInclude>
    <ClInclude Include="include\plane3d.h">
      <Filter>Header Files</Filter>
    </ClInclude>
    <ClInclude Include="include\position2d.h">
      <Filter>Header Files</Filter>
    </ClInclude>
    <ClInclude Include="include\quaternion.h">
      <Filter>Header Files</Filter>
    </ClInclude>
    <ClInclude Include="include\rect.h">
      <Filter>Header Files</Filter>
    </ClInclude>
    <ClInclude Include="include\S3DVertex.h">
      <Filter>Header Files</Filter>
    </ClInclude>
    <ClInclude Include="include\SAnimatedMesh.h">
      <Filter>Header Files</Filter>
    </ClInclude>
    <ClInclude Include="include\SceneParameters.h">
      <Filter>Header Files</Filter>
    </ClInclude>
    <ClInclude Include="include\SColor.h">
      <Filter>Header Files</Filter>
    </ClInclude>
    <ClInclude Include="include\SExposedVideoData.h">
      <Filter>Header Files</Filter>
    </ClInclude>
    <ClInclude Include="include\SIrrCreationParameters.h">
      <Filter>Header Files</Filter>
    </ClInclude>
    <ClInclude Include="include\SKeyMap.h">
      <Filter>Header Files</Filter>
    </ClInclude>
    <ClInclude Include="include\SLight.h">
      <Filter>Header Files</Filter>
    </ClInclude>
    <ClInclude Include="include\SMaterial.h">
      <Filter>Header Files</Filter>
    </ClInclude>
    <ClInclude Include="include\SMaterialLayer.h">
      <Filter>Header Files</Filter>
    </ClInclude>
    <ClInclude Include="include\SMesh.h">
      <Filter>Header Files</Filter>
    </ClInclude>
    <ClInclude Include="include\SMeshBuffer.h">
      <Filter>Header Files</Filter>
    </ClInclude>
    <ClInclude Include="include\SMeshBufferLightMap.h">
      <Filter>Header Files</Filter>
    </ClInclude>
    <ClInclude Include="include\SMeshBufferTangents.h">
      <Filter>Header Files</Filter>
    </ClInclude>
    <ClInclude Include="include\SOverrideMaterial.h">
      <Filter>Header Files</Filter>
    </ClInclude>
    <ClInclude Include="include\SParticle.h">
      <Filter>Header Files</Filter>
    </ClInclude>
    <ClInclude Include="include\SSharedMeshBuffer.h">
      <Filter>Header Files</Filter>
    </ClInclude>
    <ClInclude Include="include\SSkinMeshBuffer.h">
      <Filter>Header Files</Filter>
    </ClInclude>
    <ClInclude Include="include\SVertexIndex.h">
      <Filter>Header Files</Filter>
    </ClInclude>
    <ClInclude Include="include\SVertexManipulator.h">
      <Filter>Header Files</Filter>
    </ClInclude>
    <ClInclude Include="include\SViewFrustum.h">
      <Filter>Header Files</Filter>
    </ClInclude>
    <ClInclude Include="include\triangle3d.h">
      <Filter>Header Files</Filter>
    </ClInclude>
    <ClInclude Include="include\vector2d.h">
      <Filter>Header Files</Filter>
    </ClInclude>
    <ClInclude Include="include\vector3d.h">
      <Filter>Header Files</Filter>
    </ClInclude>
    <ClInclude Include="source\Irrlicht\aesGladman\aes.h">
      <Filter>Header Files</Filter>
    </ClInclude>
    <ClInclude Include="source\Irrlicht\aesGladman\aesopt.h">
      <Filter>Header Files</Filter>
    </ClInclude>
    <ClInclude Include="source\Irrlicht\aesGladman\fileenc.h">
      <Filter>Header Files</Filter>
    </ClInclude>
    <ClInclude Include="source\Irrlicht\aesGladman\hmac.h">
      <Filter>Header Files</Filter>
    </ClInclude>
    <ClInclude Include="source\Irrlicht\aesGladman\prng.h">
      <Filter>Header Files</Filter>
    </ClInclude>
    <ClInclude Include="source\Irrlicht\aesGladman\pwd2key.h">
      <Filter>Header Files</Filter>
    </ClInclude>
    <ClInclude Include="source\Irrlicht\aesGladman\sha1.h">
      <Filter>Header Files</Filter>
    </ClInclude>
    <ClInclude Include="source\Irrlicht\aesGladman\sha2.h">
      <Filter>Header Files</Filter>
    </ClInclude>
    <ClInclude Include="source\Irrlicht\BuiltInFont.h">
      <Filter>Header Files</Filter>
    </ClInclude>
    <ClInclude Include="source\Irrlicht\burning_shader_color_fraq.h">
      <Filter>Header Files</Filter>
    </ClInclude>
    <ClInclude Include="source\Irrlicht\burning_shader_compile_fragment_default.h">
      <Filter>Header Files</Filter>
    </ClInclude>
    <ClInclude Include="source\Irrlicht\burning_shader_compile_fragment_end.h">
      <Filter>Header Files</Filter>
    </ClInclude>
    <ClInclude Include="source\Irrlicht\burning_shader_compile_fragment_start.h">
      <Filter>Header Files</Filter>
    </ClInclude>
    <ClInclude Include="source\Irrlicht\burning_shader_compile_start.h">
      <Filter>Header Files</Filter>
    </ClInclude>
    <ClInclude Include="source\Irrlicht\burning_shader_compile_triangle.h">
      <Filter>Header Files</Filter>
    </ClInclude>
    <ClInclude Include="source\Irrlicht\burning_shader_compile_verify.h">
      <Filter>Header Files</Filter>
    </ClInclude>
    <ClInclude Include="source\Irrlicht\bzip2\bzlib.h">
      <Filter>Header Files</Filter>
    </ClInclude>
    <ClInclude Include="source\Irrlicht\bzip2\bzlib_private.h">
      <Filter>Header Files</Filter>
    </ClInclude>
    <ClInclude Include="source\Irrlicht\C3DSMeshFileLoader.h">
      <Filter>Header Files</Filter>
    </ClInclude>
    <ClInclude Include="source\Irrlicht\CAnimatedMeshHalfLife.h">
      <Filter>Header Files</Filter>
    </ClInclude>
    <ClInclude Include="source\Irrlicht\CAnimatedMeshMD2.h">
      <Filter>Header Files</Filter>
    </ClInclude>
    <ClInclude Include="source\Irrlicht\CAnimatedMeshMD3.h">
      <Filter>Header Files</Filter>
    </ClInclude>
    <ClInclude Include="source\Irrlicht\CAnimatedMeshSceneNode.h">
      <Filter>Header Files</Filter>
    </ClInclude>
    <ClInclude Include="source\Irrlicht\CAttributeImpl.h">
      <Filter>Header Files</Filter>
    </ClInclude>
    <ClInclude Include="source\Irrlicht\CAttributes.h">
      <Filter>Header Files</Filter>
    </ClInclude>
    <ClInclude Include="source\Irrlicht\CB3DMeshFileLoader.h">
      <Filter>Header Files</Filter>
    </ClInclude>
    <ClInclude Include="source\Irrlicht\CB3DMeshWriter.h">
      <Filter>Header Files</Filter>
    </ClInclude>
    <ClInclude Include="source\Irrlicht\CBillboardSceneNode.h">
      <Filter>Header Files</Filter>
    </ClInclude>
    <ClInclude Include="source\Irrlicht\CBlit.h">
      <Filter>Header Files</Filter>
    </ClInclude>
    <ClInclude Include="source\Irrlicht\CBoneSceneNode.h">
      <Filter>Header Files</Filter>
    </ClInclude>
    <ClInclude Include="source\Irrlicht\CBSPMeshFileLoader.h">
      <Filter>Header Files</Filter>
    </ClInclude>
    <ClInclude Include="source\Irrlicht\CCameraSceneNode.h">
      <Filter>Header Files</Filter>
    </ClInclude>
    <ClInclude Include="source\Irrlicht\CColladaFileLoader.h">
      <Filter>Header Files</Filter>
    </ClInclude>
    <ClInclude Include="source\Irrlicht\CColladaMeshWriter.h">
      <Filter>Header Files</Filter>
    </ClInclude>
    <ClInclude Include="source\Irrlicht\CColorConverter.h">
      <Filter>Header Files</Filter>
    </ClInclude>
    <ClInclude Include="source\Irrlicht\CCSMLoader.h">
      <Filter>Header Files</Filter>
    </ClInclude>
    <ClInclude Include="source\Irrlicht\CCubeSceneNode.h">
      <Filter>Header Files</Filter>
    </ClInclude>
    <ClInclude Include="source\Irrlicht\CD3D9Driver.h">
      <Filter>Header Files</Filter>
    </ClInclude>
    <ClInclude Include="source\Irrlicht\CD3D9HLSLMaterialRenderer.h">
      <Filter>Header Files</Filter>
    </ClInclude>
    <ClInclude Include="source\Irrlicht\CD3D9MaterialRenderer.h">
      <Filter>Header Files</Filter>
    </ClInclude>
    <ClInclude Include="source\Irrlicht\CD3D9NormalMapRenderer.h">
      <Filter>Header Files</Filter>
    </ClInclude>
    <ClInclude Include="source\Irrlicht\CD3D9ParallaxMapRenderer.h">
      <Filter>Header Files</Filter>
    </ClInclude>
    <ClInclude Include="source\Irrlicht\CD3D9RenderTarget.h">
      <Filter>Header Files</Filter>
    </ClInclude>
    <ClInclude Include="source\Irrlicht\CD3D9ShaderMaterialRenderer.h">
      <Filter>Header Files</Filter>
    </ClInclude>
    <ClInclude Include="source\Irrlicht\CD3D9Texture.h">
      <Filter>Header Files</Filter>
    </ClInclude>
    <ClInclude Include="source\Irrlicht\CDefaultGUIElementFactory.h">
      <Filter>Header Files</Filter>
    </ClInclude>
    <ClInclude Include="source\Irrlicht\CDefaultSceneNodeAnimatorFactory.h">
      <Filter>Header Files</Filter>
    </ClInclude>
    <ClInclude Include="source\Irrlicht\CDefaultSceneNodeFactory.h">
      <Filter>Header Files</Filter>
    </ClInclude>
    <ClInclude Include="source\Irrlicht\CDepthBuffer.h">
      <Filter>Header Files</Filter>
    </ClInclude>
    <ClInclude Include="source\Irrlicht\CDMFLoader.h">
      <Filter>Header Files</Filter>
    </ClInclude>
    <ClInclude Include="source\Irrlicht\CDummyTransformationSceneNode.h">
      <Filter>Header Files</Filter>
    </ClInclude>
    <ClInclude Include="source\Irrlicht\CEmptySceneNode.h">
      <Filter>Header Files</Filter>
    </ClInclude>
    <ClInclude Include="source\Irrlicht\CFileList.h">
      <Filter>Header Files</Filter>
    </ClInclude>
    <ClInclude Include="source\Irrlicht\CFileSystem.h">
      <Filter>Header Files</Filter>
    </ClInclude>
    <ClInclude Include="source\Irrlicht\CFPSCounter.h">
      <Filter>Header Files</Filter>
    </ClInclude>
    <ClInclude Include="source\Irrlicht\CGeometryCreator.h">
      <Filter>Header Files</Filter>
    </ClInclude>
    <ClInclude Include="source\Irrlicht\CGLXManager.h">
      <Filter>Header Files</Filter>
    </ClInclude>
    <ClInclude Include="source\Irrlicht\CGUIButton.h">
      <Filter>Header Files</Filter>
    </ClInclude>
    <ClInclude Include="source\Irrlicht\CGUICheckBox.h">
      <Filter>Header Files</Filter>
    </ClInclude>
    <ClInclude Include="source\Irrlicht\CGUIColorSelectDialog.h">
      <Filter>Header Files</Filter>
    </ClInclude>
    <ClInclude Include="source\Irrlicht\CGUIComboBox.h">
      <Filter>Header Files</Filter>
    </ClInclude>
    <ClInclude Include="source\Irrlicht\CGUIContextMenu.h">
      <Filter>Header Files</Filter>
    </ClInclude>
    <ClInclude Include="source\Irrlicht\CGUIEditBox.h">
      <Filter>Header Files</Filter>
    </ClInclude>
    <ClInclude Include="source\Irrlicht\CGUIEnvironment.h">
      <Filter>Header Files</Filter>
    </ClInclude>
    <ClInclude Include="source\Irrlicht\CGUIFileOpenDialog.h">
      <Filter>Header Files</Filter>
    </ClInclude>
    <ClInclude Include="source\Irrlicht\CGUIFont.h">
      <Filter>Header Files</Filter>
    </ClInclude>
    <ClInclude Include="source\Irrlicht\CGUIImage.h">
      <Filter>Header Files</Filter>
    </ClInclude>
    <ClInclude Include="source\Irrlicht\CGUIImageList.h">
      <Filter>Header Files</Filter>
    </ClInclude>
    <ClInclude Include="source\Irrlicht\CGUIInOutFader.h">
      <Filter>Header Files</Filter>
    </ClInclude>
    <ClInclude Include="source\Irrlicht\CGUIListBox.h">
      <Filter>Header Files</Filter>
    </ClInclude>
    <ClInclude Include="source\Irrlicht\CGUIMenu.h">
      <Filter>Header Files</Filter>
    </ClInclude>
    <ClInclude Include="source\Irrlicht\CGUIMeshViewer.h">
      <Filter>Header Files</Filter>
    </ClInclude>
    <ClInclude Include="source\Irrlicht\CGUIMessageBox.h">
      <Filter>Header Files</Filter>
    </ClInclude>
    <ClInclude Include="source\Irrlicht\CGUIModalScreen.h">
      <Filter>Header Files</Filter>
    </ClInclude>
    <ClInclude Include="source\Irrlicht\CGUIProfiler.h">
      <Filter>Header Files</Filter>
    </ClInclude>
    <ClInclude Include="source\Irrlicht\CGUIScrollBar.h">
      <Filter>Header Files</Filter>
    </ClInclude>
    <ClInclude Include="source\Irrlicht\CGUISkin.h">
      <Filter>Header Files</Filter>
    </ClInclude>
    <ClInclude Include="source\Irrlicht\CGUISpinBox.h">
      <Filter>Header Files</Filter>
    </ClInclude>
    <ClInclude Include="source\Irrlicht\CGUISpriteBank.h">
      <Filter>Header Files</Filter>
    </ClInclude>
    <ClInclude Include="source\Irrlicht\CGUIStaticText.h">
      <Filter>Header Files</Filter>
    </ClInclude>
    <ClInclude Include="source\Irrlicht\CGUITabControl.h">
      <Filter>Header Files</Filter>
    </ClInclude>
    <ClInclude Include="source\Irrlicht\CGUITable.h">
      <Filter>Header Files</Filter>
    </ClInclude>
    <ClInclude Include="source\Irrlicht\CGUIToolBar.h">
      <Filter>Header Files</Filter>
    </ClInclude>
    <ClInclude Include="source\Irrlicht\CGUITreeView.h">
      <Filter>Header Files</Filter>
    </ClInclude>
    <ClInclude Include="source\Irrlicht\CGUIWindow.h">
      <Filter>Header Files</Filter>
    </ClInclude>
    <ClInclude Include="source\Irrlicht\CImage.h">
      <Filter>Header Files</Filter>
    </ClInclude>
    <ClInclude Include="source\Irrlicht\CImageLoaderBMP.h">
      <Filter>Header Files</Filter>
    </ClInclude>
    <ClInclude Include="source\Irrlicht\CImageLoaderDDS.h">
      <Filter>Header Files</Filter>
    </ClInclude>
    <ClInclude Include="source\Irrlicht\CImageLoaderJPG.h">
      <Filter>Header Files</Filter>
    </ClInclude>
    <ClInclude Include="source\Irrlicht\CImageLoaderPCX.h">
      <Filter>Header Files</Filter>
    </ClInclude>
    <ClInclude Include="source\Irrlicht\CImageLoaderPNG.h">
      <Filter>Header Files</Filter>
    </ClInclude>
    <ClInclude Include="source\Irrlicht\CImageLoaderPPM.h">
      <Filter>Header Files</Filter>
    </ClInclude>
    <ClInclude Include="source\Irrlicht\CImageLoaderPSD.h">
      <Filter>Header Files</Filter>
    </ClInclude>
    <ClInclude Include="source\Irrlicht\CImageLoaderPVR.h">
      <Filter>Header Files</Filter>
    </ClInclude>
    <ClInclude Include="source\Irrlicht\CImageLoaderRGB.h">
      <Filter>Header Files</Filter>
    </ClInclude>
    <ClInclude Include="source\Irrlicht\CImageLoaderTGA.h">
      <Filter>Header Files</Filter>
    </ClInclude>
    <ClInclude Include="source\Irrlicht\CImageLoaderWAL.h">
      <Filter>Header Files</Filter>
    </ClInclude>
    <ClInclude Include="source\Irrlicht\CImageWriterBMP.h">
      <Filter>Header Files</Filter>
    </ClInclude>
    <ClInclude Include="source\Irrlicht\CImageWriterJPG.h">
      <Filter>Header Files</Filter>
    </ClInclude>
    <ClInclude Include="source\Irrlicht\CImageWriterPCX.h">
      <Filter>Header Files</Filter>
    </ClInclude>
    <ClInclude Include="source\Irrlicht\CImageWriterPNG.h">
      <Filter>Header Files</Filter>
    </ClInclude>
    <ClInclude Include="source\Irrlicht\CImageWriterPPM.h">
      <Filter>Header Files</Filter>
    </ClInclude>
    <ClInclude Include="source\Irrlicht\CImageWriterPSD.h">
      <Filter>Header Files</Filter>
    </ClInclude>
    <ClInclude Include="source\Irrlicht\CImageWriterTGA.h">
      <Filter>Header Files</Filter>
    </ClInclude>
    <ClInclude Include="source\Irrlicht\CIrrDeviceConsole.h">
      <Filter>Header Files</Filter>
    </ClInclude>
    <ClInclude Include="source\Irrlicht\CIrrDeviceFB.h">
      <Filter>Header Files</Filter>
    </ClInclude>
    <ClInclude Include="source\Irrlicht\CIrrDeviceLinux.h">
      <Filter>Header Files</Filter>
    </ClInclude>
    <ClInclude Include="source\Irrlicht\CIrrDeviceOSX.h">
      <Filter>Header Files</Filter>
    </ClInclude>
    <ClInclude Include="source\Irrlicht\CIrrDeviceSDL.h">
      <Filter>Header Files</Filter>
    </ClInclude>
    <ClInclude Include="source\Irrlicht\CIrrDeviceStub.h">
      <Filter>Header Files</Filter>
    </ClInclude>
    <ClInclude Include="source\Irrlicht\CIrrDeviceWin32.h">
      <Filter>Header Files</Filter>
    </ClInclude>
    <ClInclude Include="source\Irrlicht\CIrrMeshFileLoader.h">
      <Filter>Header Files</Filter>
    </ClInclude>
    <ClInclude Include="source\Irrlicht\CIrrMeshWriter.h">
      <Filter>Header Files</Filter>
    </ClInclude>
    <ClInclude Include="source\Irrlicht\CLightSceneNode.h">
      <Filter>Header Files</Filter>
    </ClInclude>
    <ClInclude Include="source\Irrlicht\CLimitReadFile.h">
      <Filter>Header Files</Filter>
    </ClInclude>
    <ClInclude Include="source\Irrlicht\CLMTSMeshFileLoader.h">
      <Filter>Header Files</Filter>
    </ClInclude>
    <ClInclude Include="source\Irrlicht\CLogger.h">
      <Filter>Header Files</Filter>
    </ClInclude>
    <ClInclude Include="source\Irrlicht\CLWOMeshFileLoader.h">
      <Filter>Header Files</Filter>
    </ClInclude>
    <ClInclude Include="source\Irrlicht\CMD2MeshFileLoader.h">
      <Filter>Header Files</Filter>
    </ClInclude>
    <ClInclude Include="source\Irrlicht\CMD3MeshFileLoader.h">
      <Filter>Header Files</Filter>
    </ClInclude>
    <ClInclude Include="source\Irrlicht\CMemoryFile.h">
      <Filter>Header Files</Filter>
    </ClInclude>
    <ClInclude Include="source\Irrlicht\CMeshCache.h">
      <Filter>Header Files</Filter>
    </ClInclude>
    <ClInclude Include="source\Irrlicht\CMeshManipulator.h">
      <Filter>Header Files</Filter>
    </ClInclude>
    <ClInclude Include="source\Irrlicht\CMeshSceneNode.h">
      <Filter>Header Files</Filter>
    </ClInclude>
    <ClInclude Include="source\Irrlicht\CMeshTextureLoader.h">
      <Filter>Header Files</Filter>
    </ClInclude>
    <ClInclude Include="source\Irrlicht\CMetaTriangleSelector.h">
      <Filter>Header Files</Filter>
    </ClInclude>
    <ClInclude Include="source\Irrlicht\CMountPointReader.h">
      <Filter>Header Files</Filter>
    </ClInclude>
    <ClInclude Include="source\Irrlicht\CMS3DMeshFileLoader.h">
      <Filter>Header Files</Filter>
    </ClInclude>
    <ClInclude Include="source\Irrlicht\CMY3DHelper.h">
      <Filter>Header Files</Filter>
    </ClInclude>
    <ClInclude Include="source\Irrlicht\CMY3DMeshFileLoader.h">
      <Filter>Header Files</Filter>
    </ClInclude>
    <ClInclude Include="source\Irrlicht\CNPKReader.h">
      <Filter>Header Files</Filter>
    </ClInclude>
    <ClInclude Include="source\Irrlicht\CNSOGLManager.h">
      <Filter>Header Files</Filter>
    </ClInclude>
    <ClInclude Include="source\Irrlicht\CNullDriver.h">
      <Filter>Header Files</Filter>
    </ClInclude>
    <ClInclude Include="source\Irrlicht\COBJMeshFileLoader.h">
      <Filter>Header Files</Filter>
    </ClInclude>
    <ClInclude Include="source\Irrlicht\COBJMeshWriter.h">
      <Filter>Header Files</Filter>
    </ClInclude>
    <ClInclude Include="source\Irrlicht\COCTLoader.h">
      <Filter>Header Files</Filter>
    </ClInclude>
    <ClInclude Include="source\Irrlicht\COctreeSceneNode.h">
      <Filter>Header Files</Filter>
    </ClInclude>
    <ClInclude Include="source\Irrlicht\COctreeTriangleSelector.h">
      <Filter>Header Files</Filter>
    </ClInclude>
    <ClInclude Include="source\Irrlicht\COgreMeshFileLoader.h">
      <Filter>Header Files</Filter>
    </ClInclude>
    <ClInclude Include="source\Irrlicht\COpenGLCacheHandler.h">
      <Filter>Header Files</Filter>
    </ClInclude>
    <ClInclude Include="source\Irrlicht\COpenGLCommon.h">
      <Filter>Header Files</Filter>
    </ClInclude>
    <ClInclude Include="source\Irrlicht\COpenGLCoreCacheHandler.h">
      <Filter>Header Files</Filter>
    </ClInclude>
    <ClInclude Include="source\Irrlicht\COpenGLCoreFeature.h">
      <Filter>Header Files</Filter>
    </ClInclude>
    <ClInclude Include="source\Irrlicht\COpenGLCoreRenderTarget.h">
      <Filter>Header Files</Filter>
    </ClInclude>
    <ClInclude Include="source\Irrlicht\COpenGLCoreTexture.h">
      <Filter>Header Files</Filter>
    </ClInclude>
    <ClInclude Include="source\Irrlicht\COpenGLDriver.h">
      <Filter>Header Files</Filter>
    </ClInclude>
    <ClInclude Include="source\Irrlicht\COpenGLExtensionHandler.h">
      <Filter>Header Files</Filter>
    </ClInclude>
    <ClInclude Include="source\Irrlicht\COpenGLMaterialRenderer.h">
      <Filter>Header Files</Filter>
    </ClInclude>
    <ClInclude Include="source\Irrlicht\COpenGLNormalMapRenderer.h">
      <Filter>Header Files</Filter>
    </ClInclude>
    <ClInclude Include="source\Irrlicht\COpenGLParallaxMapRenderer.h">
      <Filter>Header Files</Filter>
    </ClInclude>
    <ClInclude Include="source\Irrlicht\COpenGLShaderMaterialRenderer.h">
      <Filter>Header Files</Filter>
    </ClInclude>
    <ClInclude Include="source\Irrlicht\COpenGLSLMaterialRenderer.h">
      <Filter>Header Files</Filter>
    </ClInclude>
    <ClInclude Include="source\Irrlicht\COSOperator.h">
      <Filter>Header Files</Filter>
    </ClInclude>
    <ClInclude Include="source\Irrlicht\CPakReader.h">
      <Filter>Header Files</Filter>
    </ClInclude>
    <ClInclude Include="source\Irrlicht\CParticleAnimatedMeshSceneNodeEmitter.h">
      <Filter>Header Files</Filter>
    </ClInclude>
    <ClInclude Include="source\Irrlicht\CParticleAttractionAffector.h">
      <Filter>Header Files</Filter>
    </ClInclude>
    <ClInclude Include="source\Irrlicht\CParticleBoxEmitter.h">
      <Filter>Header Files</Filter>
    </ClInclude>
    <ClInclude Include="source\Irrlicht\CParticleCylinderEmitter.h">
      <Filter>Header Files</Filter>
    </ClInclude>
    <ClInclude Include="source\Irrlicht\CParticleFadeOutAffector.h">
      <Filter>Header Files</Filter>
    </ClInclude>
    <ClInclude Include="source\Irrlicht\CParticleGravityAffector.h">
      <Filter>Header Files</Filter>
    </ClInclude>
    <ClInclude Include="source\Irrlicht\CParticleMeshEmitter.h">
      <Filter>Header Files</Filter>
    </ClInclude>
    <ClInclude Include="source\Irrlicht\CParticlePointEmitter.h">
      <Filter>Header Files</Filter>
    </ClInclude>
    <ClInclude Include="source\Irrlicht\CParticleRingEmitter.h">
      <Filter>Header Files</Filter>
    </ClInclude>
    <ClInclude Include="source\Irrlicht\CParticleRotationAffector.h">
      <Filter>Header Files</Filter>
    </ClInclude>
    <ClInclude Include="source\Irrlicht\CParticleScaleAffector.h">
      <Filter>Header Files</Filter>
    </ClInclude>
    <ClInclude Include="source\Irrlicht\CParticleSphereEmitter.h">
      <Filter>Header Files</Filter>
    </ClInclude>
    <ClInclude Include="source\Irrlicht\CParticleSystemSceneNode.h">
      <Filter>Header Files</Filter>
    </ClInclude>
    <ClInclude Include="source\Irrlicht\CPLYMeshFileLoader.h">
      <Filter>Header Files</Filter>
    </ClInclude>
    <ClInclude Include="source\Irrlicht\CPLYMeshWriter.h">
      <Filter>Header Files</Filter>
    </ClInclude>
    <ClInclude Include="source\Irrlicht\CProfiler.h">
      <Filter>Header Files</Filter>
    </ClInclude>
    <ClInclude Include="source\Irrlicht\CQ3LevelMesh.h">
      <Filter>Header Files</Filter>
    </ClInclude>
    <ClInclude Include="source\Irrlicht\CQuake3ShaderSceneNode.h">
      <Filter>Header Files</Filter>
    </ClInclude>
    <ClInclude Include="source\Irrlicht\CReadFile.h">
      <Filter>Header Files</Filter>
    </ClInclude>
    <ClInclude Include="source\Irrlicht\CSceneCollisionManager.h">
      <Filter>Header Files</Filter>
    </ClInclude>
    <ClInclude Include="source\Irrlicht\CSceneLoaderIrr.h">
      <Filter>Header Files</Filter>
    </ClInclude>
    <ClInclude Include="source\Irrlicht\CSceneManager.h">
      <Filter>Header Files</Filter>
    </ClInclude>
    <ClInclude Include="source\Irrlicht\CSceneNodeAnimatorCameraFPS.h">
      <Filter>Header Files</Filter>
    </ClInclude>
    <ClInclude Include="source\Irrlicht\CSceneNodeAnimatorCameraMaya.h">
      <Filter>Header Files</Filter>
    </ClInclude>
    <ClInclude Include="source\Irrlicht\CSceneNodeAnimatorCollisionResponse.h">
      <Filter>Header Files</Filter>
    </ClInclude>
    <ClInclude Include="source\Irrlicht\CSceneNodeAnimatorDelete.h">
      <Filter>Header Files</Filter>
    </ClInclude>
    <ClInclude Include="source\Irrlicht\CSceneNodeAnimatorFlyCircle.h">
      <Filter>Header Files</Filter>
    </ClInclude>
    <ClInclude Include="source\Irrlicht\CSceneNodeAnimatorFlyStraight.h">
      <Filter>Header Files</Filter>
    </ClInclude>
    <ClInclude Include="source\Irrlicht\CSceneNodeAnimatorFollowSpline.h">
      <Filter>Header Files</Filter>
    </ClInclude>
    <ClInclude Include="source\Irrlicht\CSceneNodeAnimatorRotation.h">
      <Filter>Header Files</Filter>
    </ClInclude>
    <ClInclude Include="source\Irrlicht\CSceneNodeAnimatorTexture.h">
      <Filter>Header Files</Filter>
    </ClInclude>
    <ClInclude Include="source\Irrlicht\CShadowVolumeSceneNode.h">
      <Filter>Header Files</Filter>
    </ClInclude>
    <ClInclude Include="source\Irrlicht\CSkinnedMesh.h">
      <Filter>Header Files</Filter>
    </ClInclude>
    <ClInclude Include="source\Irrlicht\CSkyBoxSceneNode.h">
      <Filter>Header Files</Filter>
    </ClInclude>
    <ClInclude Include="source\Irrlicht\CSkyDomeSceneNode.h">
      <Filter>Header Files</Filter>
    </ClInclude>
    <ClInclude Include="source\Irrlicht\CSMFMeshFileLoader.h">
      <Filter>Header Files</Filter>
    </ClInclude>
    <ClInclude Include="source\Irrlicht\CSoftware2MaterialRenderer.h">
      <Filter>Header Files</Filter>
    </ClInclude>
    <ClInclude Include="source\Irrlicht\CSoftwareDriver.h">
      <Filter>Header Files</Filter>
    </ClInclude>
    <ClInclude Include="source\Irrlicht\CSoftwareDriver2.h">
      <Filter>Header Files</Filter>
    </ClInclude>
    <ClInclude Include="source\Irrlicht\CSoftwareTexture.h">
      <Filter>Header Files</Filter>
    </ClInclude>
    <ClInclude Include="source\Irrlicht\CSoftwareTexture2.h">
      <Filter>Header Files</Filter>
    </ClInclude>
    <ClInclude Include="source\Irrlicht\CSphereSceneNode.h">
      <Filter>Header Files</Filter>
    </ClInclude>
    <ClInclude Include="source\Irrlicht\CSTLMeshFileLoader.h">
      <Filter>Header Files</Filter>
    </ClInclude>
    <ClInclude Include="source\Irrlicht\CSTLMeshWriter.h">
      <Filter>Header Files</Filter>
    </ClInclude>
    <ClInclude Include="source\Irrlicht\CTarReader.h">
      <Filter>Header Files</Filter>
    </ClInclude>
    <ClInclude Include="source\Irrlicht\CTerrainSceneNode.h">
      <Filter>Header Files</Filter>
    </ClInclude>
    <ClInclude Include="source\Irrlicht\CTerrainTriangleSelector.h">
      <Filter>Header Files</Filter>
    </ClInclude>
    <ClInclude Include="source\Irrlicht\CTextSceneNode.h">
      <Filter>Header Files</Filter>
    </ClInclude>
    <ClInclude Include="source\Irrlicht\CTimer.h">
      <Filter>Header Files</Filter>
    </ClInclude>
    <ClInclude Include="source\Irrlicht\CTriangleBBSelector.h">
      <Filter>Header Files</Filter>
    </ClInclude>
    <ClInclude Include="source\Irrlicht\CTriangleSelector.h">
      <Filter>Header Files</Filter>
    </ClInclude>
    <ClInclude Include="source\Irrlicht\CTRTextureGouraud.h">
      <Filter>Header Files</Filter>
    </ClInclude>
    <ClInclude Include="source\Irrlicht\CVideoModeList.h">
      <Filter>Header Files</Filter>
    </ClInclude>
    <ClInclude Include="source\Irrlicht\CVolumeLightSceneNode.h">
      <Filter>Header Files</Filter>
    </ClInclude>
    <ClInclude Include="source\Irrlicht\CWADReader.h">
      <Filter>Header Files</Filter>
    </ClInclude>
    <ClInclude Include="source\Irrlicht\CWaterSurfaceSceneNode.h">
      <Filter>Header Files</Filter>
    </ClInclude>
    <ClInclude Include="source\Irrlicht\CWGLManager.h">
      <Filter>Header Files</Filter>
    </ClInclude>
    <ClInclude Include="source\Irrlicht\CWriteFile.h">
      <Filter>Header Files</Filter>
    </ClInclude>
    <ClInclude Include="source\Irrlicht\CXMeshFileLoader.h">
      <Filter>Header Files</Filter>
    </ClInclude>
    <ClInclude Include="source\Irrlicht\CXMLReader.h">
      <Filter>Header Files</Filter>
    </ClInclude>
    <ClInclude Include="source\Irrlicht\CXMLReaderImpl.h">
      <Filter>Header Files</Filter>
    </ClInclude>
    <ClInclude Include="source\Irrlicht\CXMLWriter.h">
      <Filter>Header Files</Filter>
    </ClInclude>
    <ClInclude Include="source\Irrlicht\CZBuffer.h">
      <Filter>Header Files</Filter>
    </ClInclude>
    <ClInclude Include="source\Irrlicht\CZipReader.h">
      <Filter>Header Files</Filter>
    </ClInclude>
    <ClInclude Include="source\Irrlicht\dmfsupport.h">
      <Filter>Header Files</Filter>
    </ClInclude>
    <ClInclude Include="source\Irrlicht\EProfileIDs.h">
      <Filter>Header Files</Filter>
    </ClInclude>
    <ClInclude Include="source\Irrlicht\glext.h">
      <Filter>Header Files</Filter>
    </ClInclude>
    <ClInclude Include="source\Irrlicht\glxext.h">
      <Filter>Header Files</Filter>
    </ClInclude>
    <ClInclude Include="source\Irrlicht\IAttribute.h">
      <Filter>Header Files</Filter>
    </ClInclude>
    <ClInclude Include="source\Irrlicht\IBurningShader.h">
      <Filter>Header Files</Filter>
    </ClInclude>
    <ClInclude Include="source\Irrlicht\IDepthBuffer.h">
      <Filter>Header Files</Filter>
    </ClInclude>
    <ClInclude Include="source\Irrlicht\IImagePresenter.h">
      <Filter>Header Files</Filter>
    </ClInclude>
    <ClInclude Include="source\Irrlicht\irrMathFastCompat.h">
      <Filter>Header Files</Filter>
    </ClInclude>
    <ClInclude Include="source\Irrlicht\ISceneNodeAnimatorFinishing.h">
      <Filter>Header Files</Filter>
    </ClInclude>
    <ClInclude Include="source\Irrlicht\ITriangleRenderer.h">
      <Filter>Header Files</Filter>
    </ClInclude>
    <ClInclude Include="source\Irrlicht\IZBuffer.h">
      <Filter>Header Files</Filter>
    </ClInclude>
    <ClInclude Include="source\Irrlicht\jpeglib\cderror.h">
      <Filter>Header Files</Filter>
    </ClInclude>
    <ClInclude Include="source\Irrlicht\jpeglib\cdjpeg.h">
      <Filter>Header Files</Filter>
    </ClInclude>
    <ClInclude Include="source\Irrlicht\jpeglib\jconfig.h">
      <Filter>Header Files</Filter>
    </ClInclude>
    <ClInclude Include="source\Irrlicht\jpeglib\jdct.h">
      <Filter>Header Files</Filter>
    </ClInclude>
    <ClInclude Include="source\Irrlicht\jpeglib\jerror.h">
      <Filter>Header Files</Filter>
    </ClInclude>
    <ClInclude Include="source\Irrlicht\jpeglib\jinclude.h">
      <Filter>Header Files</Filter>
    </ClInclude>
    <ClInclude Include="source\Irrlicht\jpeglib\jmemsys.h">
      <Filter>Header Files</Filter>
    </ClInclude>
    <ClInclude Include="source\Irrlicht\jpeglib\jmorecfg.h">
      <Filter>Header Files</Filter>
    </ClInclude>
    <ClInclude Include="source\Irrlicht\jpeglib\jpegint.h">
      <Filter>Header Files</Filter>
    </ClInclude>
    <ClInclude Include="source\Irrlicht\jpeglib\jpeglib.h">
      <Filter>Header Files</Filter>
    </ClInclude>
    <ClInclude Include="source\Irrlicht\jpeglib\jversion.h">
      <Filter>Header Files</Filter>
    </ClInclude>
    <ClInclude Include="source\Irrlicht\jpeglib\transupp.h">
      <Filter>Header Files</Filter>
    </ClInclude>
    <ClInclude Include="source\Irrlicht\KHR\khrplatform.h">
      <Filter>Header Files</Filter>
    </ClInclude>
    <ClInclude Include="source\Irrlicht\libpng\png.h">
      <Filter>Header Files</Filter>
    </ClInclude>
    <ClInclude Include="source\Irrlicht\libpng\pngconf.h">
      <Filter>Header Files</Filter>
    </ClInclude>
    <ClInclude Include="source\Irrlicht\libpng\pngdebug.h">
      <Filter>Header Files</Filter>
    </ClInclude>
    <ClInclude Include="source\Irrlicht\libpng\pnginfo.h">
      <Filter>Header Files</Filter>
    </ClInclude>
    <ClInclude Include="source\Irrlicht\libpng\pnglibconf.h">
      <Filter>Header Files</Filter>
    </ClInclude>
    <ClInclude Include="source\Irrlicht\libpng\pngpriv.h">
      <Filter>Header Files</Filter>
    </ClInclude>
    <ClInclude Include="source\Irrlicht\libpng\pngstruct.h">
      <Filter>Header Files</Filter>
    </ClInclude>
    <ClInclude Include="source\Irrlicht\lzma\LzmaDec.h">
      <Filter>Header Files</Filter>
    </ClInclude>
    <ClInclude Include="source\Irrlicht\lzma\Types.h">
      <Filter>Header Files</Filter>
    </ClInclude>
    <ClInclude Include="source\Irrlicht\Octree.h">
      <Filter>Header Files</Filter>
    </ClInclude>
    <ClInclude Include="source\Irrlicht\os.h">
      <Filter>Header Files</Filter>
    </ClInclude>
    <ClInclude Include="source\Irrlicht\resource.h">
      <Filter>Header Files</Filter>
    </ClInclude>
    <ClInclude Include="source\Irrlicht\S2DVertex.h">
      <Filter>Header Files</Filter>
    </ClInclude>
    <ClInclude Include="source\Irrlicht\S4DVertex.h">
      <Filter>Header Files</Filter>
    </ClInclude>
    <ClInclude Include="source\Irrlicht\SB3DStructs.h">
      <Filter>Header Files</Filter>
    </ClInclude>
    <ClInclude Include="source\Irrlicht\SoftwareDriver2_compile_config.h">
      <Filter>Header Files</Filter>
    </ClInclude>
    <ClInclude Include="source\Irrlicht\SoftwareDriver2_helper.h">
      <Filter>Header Files</Filter>
    </ClInclude>
    <ClInclude Include="source\Irrlicht\wglext.h">
      <Filter>Header Files</Filter>
    </ClInclude>
    <ClInclude Include="source\Irrlicht\zlib\crc32.h">
      <Filter>Header Files</Filter>
    </ClInclude>
    <ClInclude Include="source\Irrlicht\zlib\deflate.h">
      <Filter>Header Files</Filter>
    </ClInclude>
    <ClInclude Include="source\Irrlicht\zlib\gzguts.h">
      <Filter>Header Files</Filter>
    </ClInclude>
    <ClInclude Include="source\Irrlicht\zlib\inffast.h">
      <Filter>Header Files</Filter>
    </ClInclude>
    <ClInclude Include="source\Irrlicht\zlib\inffixed.h">
      <Filter>Header Files</Filter>
    </ClInclude>
    <ClInclude Include="source\Irrlicht\zlib\inflate.h">
      <Filter>Header Files</Filter>
    </ClInclude>
    <ClInclude Include="source\Irrlicht\zlib\inftrees.h">
      <Filter>Header Files</Filter>
    </ClInclude>
    <ClInclude Include="source\Irrlicht\zlib\trees.h">
      <Filter>Header Files</Filter>
    </ClInclude>
    <ClInclude Include="source\Irrlicht\zlib\zconf.h">
      <Filter>Header Files</Filter>
    </ClInclude>
    <ClInclude Include="source\Irrlicht\zlib\zlib.h">
      <Filter>Header Files</Filter>
    </ClInclude>
    <ClInclude Include="source\Irrlicht\zlib\zutil.h">
      <Filter>Header Files</Filter>
    </ClInclude>
    <ClInclude Include="zlib.h">
      <Filter>Header Files</Filter>
    </ClInclude>
  </ItemGroup>
  <ItemGroup>
    <None Include="source\Irrlicht\bzip2\libbz2.def">
      <Filter>Source Files</Filter>
    </None>
    <None Include="source\Irrlicht\jpeglib\jmemdosa.asm">
      <Filter>Source Files</Filter>
    </None>
  </ItemGroup>
  <ItemGroup>
    <ResourceCompile Include="source\Irrlicht\Irrlicht.rc">
      <Filter>Resource Files</Filter>
    </ResourceCompile>
  </ItemGroup>
</Project>